{
  "version": 4,
  "terraform_version": "1.11.4",
  "serial": 1636,
  "lineage": "b876d018-4a8b-5d20-a2bb-e9a886a06a81",
  "outputs": {
    "bastion_sg_id": {
      "value": "sg-0d0161f08f37eeb8b",
      "type": "string"
    },
    "elb_security_group_ids": {
      "value": "sg-094481263eeb15040",
      "type": "string"
    },
    "kms_key_id": {
      "value": "63ca5604-f707-4367-9a19-f8efcb7881fa",
      "type": "string"
    },
    "nginx_security_group_ids": {
      "value": "sg-045f62c442a5c5178",
      "type": "string"
    },
    "private_subnet_ids": {
      "value": [
        "subnet-0d22d379feb76ef4b",
        "subnet-0a145fd28dab95a09"
      ],
      "type": [
        "tuple",
        [
          "string",
          "string"
        ]
      ]
    },
    "public_subnet_ids": {
      "value": [
        "subnet-0248b2079474efd00",
        "subnet-05956316d20c30c11"
      ],
      "type": [
        "tuple",
        [
          "string",
          "string"
        ]
      ]
    },
    "rds_endpoint": {
      "value": "production-mysql-db.cjjbcu9s6nug.us-east-1.rds.amazonaws.com:3306",
      "type": "string"
    },
    "rds_kms_key_id": {
      "value": "5623663c-dfcf-41ed-b074-d2dff0040788",
      "type": "string"
    },
    "rds_sg_id": {
      "value": "sg-092f03ed850b5ff87",
      "type": "string"
    },
    "s3_kms_key_id": {
      "value": "13b78f33-5dcc-400d-8872-8ca543aeed0d",
      "type": "string"
    },
    "secret_name": {
      "value": "my_secret",
      "type": "string",
      "sensitive": true
    },
    "secrets_manager_kms_key_id": {
      "value": "63ca5604-f707-4367-9a19-f8efcb7881fa",
      "type": "string"
    },
    "vpc_id": {
      "value": "vpc-0dc00983d8eea9b6d",
      "type": "string"
    }
  },
  "resources": [
    {
      "mode": "data",
      "type": "aws_availability_zones",
      "name": "available",
      "provider": "provider[\"registry.terraform.io/hashicorp/aws\"]",
      "instances": [
        {
          "schema_version": 0,
          "attributes": {
            "all_availability_zones": null,
            "exclude_names": null,
            "exclude_zone_ids": null,
            "filter": null,
            "group_names": [
              "us-east-1-zg-1"
            ],
            "id": "us-east-1",
            "names": [
              "us-east-1a",
              "us-east-1b",
              "us-east-1c",
              "us-east-1d",
              "us-east-1e",
              "us-east-1f"
            ],
            "state": null,
            "timeouts": null,
            "zone_ids": [
              "use1-az4",
              "use1-az6",
              "use1-az1",
              "use1-az2",
              "use1-az3",
              "use1-az5"
            ]
          },
          "sensitive_attributes": []
        }
      ]
    },
    {
      "mode": "managed",
      "type": "aws_eip",
      "name": "nat",
      "provider": "provider[\"registry.terraform.io/hashicorp/aws\"]",
      "instances": [
        {
          "index_key": 0,
          "schema_version": 0,
          "attributes": {
            "address": null,
            "allocation_id": "eipalloc-008469bd101175934",
            "arn": "arn:aws:ec2:us-east-1:435329769674:elastic-ip/eipalloc-008469bd101175934",
            "associate_with_private_ip": null,
            "association_id": "eipassoc-008d0b31e3c13ba38",
            "carrier_ip": "",
            "customer_owned_ip": "",
            "customer_owned_ipv4_pool": "",
            "domain": "vpc",
            "id": "eipalloc-008469bd101175934",
            "instance": "",
            "ipam_pool_id": null,
            "network_border_group": "us-east-1",
            "network_interface": "eni-0d82dd3582aa0fcba",
            "private_dns": "ip-10-0-1-88.ec2.internal",
            "private_ip": "10.0.1.88",
            "ptr_record": "",
            "public_dns": "ec2-52-73-40-254.compute-1.amazonaws.com",
            "public_ip": "52.73.40.254",
            "public_ipv4_pool": "amazon",
            "tags": {
              "Environment": "Production",
              "Name": "production-nat-gw-1",
              "Owner": "Ernestine D Motouom",
              "Project": "refonte_class"
            },
            "tags_all": {
              "Environment": "Production",
              "Name": "production-nat-gw-1",
              "Owner": "Ernestine D Motouom",
              "Project": "refonte_class"
            },
            "timeouts": null,
            "vpc": true
          },
          "sensitive_attributes": [],
          "private": "eyJlMmJmYjczMC1lY2FhLTExZTYtOGY4OC0zNDM2M2JjN2M0YzAiOnsiZGVsZXRlIjoxODAwMDAwMDAwMDAsInJlYWQiOjkwMDAwMDAwMDAwMCwidXBkYXRlIjozMDAwMDAwMDAwMDB9fQ=="
        },
        {
          "index_key": 1,
          "schema_version": 0,
          "attributes": {
            "address": null,
            "allocation_id": "eipalloc-04e99d422c1823179",
            "arn": "arn:aws:ec2:us-east-1:435329769674:elastic-ip/eipalloc-04e99d422c1823179",
            "associate_with_private_ip": null,
            "association_id": "eipassoc-0b2321e038de5dff3",
            "carrier_ip": "",
            "customer_owned_ip": "",
            "customer_owned_ipv4_pool": "",
            "domain": "vpc",
            "id": "eipalloc-04e99d422c1823179",
            "instance": "",
            "ipam_pool_id": null,
            "network_border_group": "us-east-1",
            "network_interface": "eni-094bd5bd574a92abb",
            "private_dns": "ip-10-0-2-99.ec2.internal",
            "private_ip": "10.0.2.99",
            "ptr_record": "",
            "public_dns": "ec2-52-0-74-79.compute-1.amazonaws.com",
            "public_ip": "52.0.74.79",
            "public_ipv4_pool": "amazon",
            "tags": {
              "Environment": "Production",
              "Name": "production-nat-gw-2",
              "Owner": "Ernestine D Motouom",
              "Project": "refonte_class"
            },
            "tags_all": {
              "Environment": "Production",
              "Name": "production-nat-gw-2",
              "Owner": "Ernestine D Motouom",
              "Project": "refonte_class"
            },
            "timeouts": null,
            "vpc": true
          },
          "sensitive_attributes": [],
          "private": "eyJlMmJmYjczMC1lY2FhLTExZTYtOGY4OC0zNDM2M2JjN2M0YzAiOnsiZGVsZXRlIjoxODAwMDAwMDAwMDAsInJlYWQiOjkwMDAwMDAwMDAwMCwidXBkYXRlIjozMDAwMDAwMDAwMDB9fQ=="
        }
      ]
    },
    {
      "mode": "managed",
      "type": "aws_internet_gateway",
      "name": "main",
      "provider": "provider[\"registry.terraform.io/hashicorp/aws\"]",
      "instances": [
        {
          "schema_version": 0,
          "attributes": {
            "arn": "arn:aws:ec2:us-east-1:435329769674:internet-gateway/igw-087f495ff70944453",
            "id": "igw-087f495ff70944453",
            "owner_id": "435329769674",
            "tags": {
              "Environment": "Production",
              "Name": "production-igw",
              "Owner": "Ernestine D Motouom",
              "Project": "refonte_class"
            },
            "tags_all": {
              "Environment": "Production",
              "Name": "production-igw",
              "Owner": "Ernestine D Motouom",
              "Project": "refonte_class"
            },
            "timeouts": null,
            "vpc_id": "vpc-0dc00983d8eea9b6d"
          },
          "sensitive_attributes": [],
          "private": "eyJlMmJmYjczMC1lY2FhLTExZTYtOGY4OC0zNDM2M2JjN2M0YzAiOnsiY3JlYXRlIjoxMjAwMDAwMDAwMDAwLCJkZWxldGUiOjEyMDAwMDAwMDAwMDAsInVwZGF0ZSI6MTIwMDAwMDAwMDAwMH19",
          "dependencies": [
            "aws_vpc.main"
          ]
        }
      ]
    },
    {
      "mode": "managed",
      "type": "aws_nat_gateway",
      "name": "nat",
      "provider": "provider[\"registry.terraform.io/hashicorp/aws\"]",
      "instances": [
        {
          "index_key": 0,
          "schema_version": 0,
          "attributes": {
            "allocation_id": "eipalloc-008469bd101175934",
            "association_id": "eipassoc-008d0b31e3c13ba38",
            "connectivity_type": "public",
            "id": "nat-058becf1a2638283c",
            "network_interface_id": "eni-0d82dd3582aa0fcba",
            "private_ip": "10.0.1.88",
            "public_ip": "52.73.40.254",
            "secondary_allocation_ids": [],
            "secondary_private_ip_address_count": 0,
            "secondary_private_ip_addresses": [],
            "subnet_id": "subnet-0248b2079474efd00",
            "tags": {
              "Environment": "Production",
              "Name": "production-nat-gw-1",
              "Owner": "Ernestine D Motouom",
              "Project": "refonte_class"
            },
            "tags_all": {
              "Environment": "Production",
              "Name": "production-nat-gw-1",
              "Owner": "Ernestine D Motouom",
              "Project": "refonte_class"
            },
            "timeouts": null
          },
          "sensitive_attributes": [],
          "private": "eyJlMmJmYjczMC1lY2FhLTExZTYtOGY4OC0zNDM2M2JjN2M0YzAiOnsiY3JlYXRlIjo2MDAwMDAwMDAwMDAsImRlbGV0ZSI6MTgwMDAwMDAwMDAwMCwidXBkYXRlIjo2MDAwMDAwMDAwMDB9fQ==",
          "dependencies": [
            "aws_eip.nat",
            "aws_subnet.public_subnets",
            "aws_vpc.main",
            "data.aws_availability_zones.available"
          ]
        },
        {
          "index_key": 1,
          "schema_version": 0,
          "attributes": {
            "allocation_id": "eipalloc-04e99d422c1823179",
            "association_id": "eipassoc-0b2321e038de5dff3",
            "connectivity_type": "public",
            "id": "nat-015923286886b2ccb",
            "network_interface_id": "eni-094bd5bd574a92abb",
            "private_ip": "10.0.2.99",
            "public_ip": "52.0.74.79",
            "secondary_allocation_ids": [],
            "secondary_private_ip_address_count": 0,
            "secondary_private_ip_addresses": [],
            "subnet_id": "subnet-05956316d20c30c11",
            "tags": {
              "Environment": "Production",
              "Name": "production-nat-gw-2",
              "Owner": "Ernestine D Motouom",
              "Project": "refonte_class"
            },
            "tags_all": {
              "Environment": "Production",
              "Name": "production-nat-gw-2",
              "Owner": "Ernestine D Motouom",
              "Project": "refonte_class"
            },
            "timeouts": null
          },
          "sensitive_attributes": [],
          "private": "eyJlMmJmYjczMC1lY2FhLTExZTYtOGY4OC0zNDM2M2JjN2M0YzAiOnsiY3JlYXRlIjo2MDAwMDAwMDAwMDAsImRlbGV0ZSI6MTgwMDAwMDAwMDAwMCwidXBkYXRlIjo2MDAwMDAwMDAwMDB9fQ==",
          "dependencies": [
            "aws_eip.nat",
            "aws_subnet.public_subnets",
            "aws_vpc.main",
            "data.aws_availability_zones.available"
          ]
        }
      ]
    },
    {
      "mode": "managed",
      "type": "aws_route_table",
      "name": "private_subnets",
      "provider": "provider[\"registry.terraform.io/hashicorp/aws\"]",
      "instances": [
        {
          "index_key": 0,
          "schema_version": 0,
          "attributes": {
            "arn": "arn:aws:ec2:us-east-1:435329769674:route-table/rtb-02baec8115633870f",
            "id": "rtb-02baec8115633870f",
            "owner_id": "435329769674",
            "propagating_vgws": [],
            "route": [
              {
                "carrier_gateway_id": "",
                "cidr_block": "0.0.0.0/0",
                "core_network_arn": "",
                "destination_prefix_list_id": "",
                "egress_only_gateway_id": "",
                "gateway_id": "",
                "ipv6_cidr_block": "",
                "local_gateway_id": "",
                "nat_gateway_id": "nat-058becf1a2638283c",
                "network_interface_id": "",
                "transit_gateway_id": "",
                "vpc_endpoint_id": "",
                "vpc_peering_connection_id": ""
              }
            ],
            "tags": {
              "Environment": "Production",
              "Name": "production-route-private-subnet-0",
              "Owner": "Ernestine D Motouom",
              "Project": "refonte_class"
            },
            "tags_all": {
              "Environment": "Production",
              "Name": "production-route-private-subnet-0",
              "Owner": "Ernestine D Motouom",
              "Project": "refonte_class"
            },
            "timeouts": null,
            "vpc_id": "vpc-0dc00983d8eea9b6d"
          },
          "sensitive_attributes": [],
          "private": "eyJlMmJmYjczMC1lY2FhLTExZTYtOGY4OC0zNDM2M2JjN2M0YzAiOnsiY3JlYXRlIjozMDAwMDAwMDAwMDAsImRlbGV0ZSI6MzAwMDAwMDAwMDAwLCJ1cGRhdGUiOjEyMDAwMDAwMDAwMH19",
          "dependencies": [
            "aws_eip.nat",
            "aws_nat_gateway.nat",
            "aws_subnet.public_subnets",
            "aws_vpc.main",
            "data.aws_availability_zones.available"
          ]
        },
        {
          "index_key": 1,
          "schema_version": 0,
          "attributes": {
            "arn": "arn:aws:ec2:us-east-1:435329769674:route-table/rtb-04ef7fade05ad6d0b",
            "id": "rtb-04ef7fade05ad6d0b",
            "owner_id": "435329769674",
            "propagating_vgws": [],
            "route": [
              {
                "carrier_gateway_id": "",
                "cidr_block": "0.0.0.0/0",
                "core_network_arn": "",
                "destination_prefix_list_id": "",
                "egress_only_gateway_id": "",
                "gateway_id": "",
                "ipv6_cidr_block": "",
                "local_gateway_id": "",
                "nat_gateway_id": "nat-015923286886b2ccb",
                "network_interface_id": "",
                "transit_gateway_id": "",
                "vpc_endpoint_id": "",
                "vpc_peering_connection_id": ""
              }
            ],
            "tags": {
              "Environment": "Production",
              "Name": "production-route-private-subnet-1",
              "Owner": "Ernestine D Motouom",
              "Project": "refonte_class"
            },
            "tags_all": {
              "Environment": "Production",
              "Name": "production-route-private-subnet-1",
              "Owner": "Ernestine D Motouom",
              "Project": "refonte_class"
            },
            "timeouts": null,
            "vpc_id": "vpc-0dc00983d8eea9b6d"
          },
          "sensitive_attributes": [],
          "private": "eyJlMmJmYjczMC1lY2FhLTExZTYtOGY4OC0zNDM2M2JjN2M0YzAiOnsiY3JlYXRlIjozMDAwMDAwMDAwMDAsImRlbGV0ZSI6MzAwMDAwMDAwMDAwLCJ1cGRhdGUiOjEyMDAwMDAwMDAwMH19",
          "dependencies": [
            "aws_eip.nat",
            "aws_nat_gateway.nat",
            "aws_subnet.public_subnets",
            "aws_vpc.main",
            "data.aws_availability_zones.available"
          ]
        }
      ]
    },
    {
      "mode": "managed",
      "type": "aws_route_table",
      "name": "public_subnets",
      "provider": "provider[\"registry.terraform.io/hashicorp/aws\"]",
      "instances": [
        {
          "schema_version": 0,
          "attributes": {
            "arn": "arn:aws:ec2:us-east-1:435329769674:route-table/rtb-08fcfb25116459871",
            "id": "rtb-08fcfb25116459871",
            "owner_id": "435329769674",
            "propagating_vgws": [],
            "route": [
              {
                "carrier_gateway_id": "",
                "cidr_block": "0.0.0.0/0",
                "core_network_arn": "",
                "destination_prefix_list_id": "",
                "egress_only_gateway_id": "",
                "gateway_id": "igw-087f495ff70944453",
                "ipv6_cidr_block": "",
                "local_gateway_id": "",
                "nat_gateway_id": "",
                "network_interface_id": "",
                "transit_gateway_id": "",
                "vpc_endpoint_id": "",
                "vpc_peering_connection_id": ""
              }
            ],
            "tags": {
              "Environment": "Production",
              "Name": "production-route-public-subnets",
              "Owner": "Ernestine D Motouom",
              "Project": "refonte_class"
            },
            "tags_all": {
              "Environment": "Production",
              "Name": "production-route-public-subnets",
              "Owner": "Ernestine D Motouom",
              "Project": "refonte_class"
            },
            "timeouts": null,
            "vpc_id": "vpc-0dc00983d8eea9b6d"
          },
          "sensitive_attributes": [],
          "private": "eyJlMmJmYjczMC1lY2FhLTExZTYtOGY4OC0zNDM2M2JjN2M0YzAiOnsiY3JlYXRlIjozMDAwMDAwMDAwMDAsImRlbGV0ZSI6MzAwMDAwMDAwMDAwLCJ1cGRhdGUiOjEyMDAwMDAwMDAwMH19",
          "dependencies": [
            "aws_internet_gateway.main",
            "aws_vpc.main"
          ]
        }
      ]
    },
    {
      "mode": "managed",
      "type": "aws_route_table_association",
      "name": "private_routes",
      "provider": "provider[\"registry.terraform.io/hashicorp/aws\"]",
      "instances": [
        {
          "index_key": 0,
          "schema_version": 0,
          "attributes": {
            "gateway_id": "",
            "id": "rtbassoc-0dce107382eaae086",
            "route_table_id": "rtb-02baec8115633870f",
            "subnet_id": "subnet-0d22d379feb76ef4b",
            "timeouts": null
          },
          "sensitive_attributes": [],
          "private": "eyJlMmJmYjczMC1lY2FhLTExZTYtOGY4OC0zNDM2M2JjN2M0YzAiOnsiY3JlYXRlIjozMDAwMDAwMDAwMDAsImRlbGV0ZSI6MzAwMDAwMDAwMDAwLCJ1cGRhdGUiOjEyMDAwMDAwMDAwMH19",
          "dependencies": [
            "aws_eip.nat",
            "aws_nat_gateway.nat",
            "aws_route_table.private_subnets",
            "aws_subnet.private_subnets",
            "aws_subnet.public_subnets",
            "aws_vpc.main",
            "data.aws_availability_zones.available"
          ]
        },
        {
          "index_key": 1,
          "schema_version": 0,
          "attributes": {
            "gateway_id": "",
            "id": "rtbassoc-0aadd6f9b9819a5d0",
            "route_table_id": "rtb-04ef7fade05ad6d0b",
            "subnet_id": "subnet-0a145fd28dab95a09",
            "timeouts": null
          },
          "sensitive_attributes": [],
          "private": "eyJlMmJmYjczMC1lY2FhLTExZTYtOGY4OC0zNDM2M2JjN2M0YzAiOnsiY3JlYXRlIjozMDAwMDAwMDAwMDAsImRlbGV0ZSI6MzAwMDAwMDAwMDAwLCJ1cGRhdGUiOjEyMDAwMDAwMDAwMH19",
          "dependencies": [
            "aws_eip.nat",
            "aws_nat_gateway.nat",
            "aws_route_table.private_subnets",
            "aws_subnet.private_subnets",
            "aws_subnet.public_subnets",
            "aws_vpc.main",
            "data.aws_availability_zones.available"
          ]
        }
      ]
    },
    {
      "mode": "managed",
      "type": "aws_route_table_association",
      "name": "public_routes",
      "provider": "provider[\"registry.terraform.io/hashicorp/aws\"]",
      "instances": [
        {
          "index_key": 0,
          "schema_version": 0,
          "attributes": {
            "gateway_id": "",
            "id": "rtbassoc-02b371da1c250765c",
            "route_table_id": "rtb-08fcfb25116459871",
            "subnet_id": "subnet-0248b2079474efd00",
            "timeouts": null
          },
          "sensitive_attributes": [],
          "private": "eyJlMmJmYjczMC1lY2FhLTExZTYtOGY4OC0zNDM2M2JjN2M0YzAiOnsiY3JlYXRlIjozMDAwMDAwMDAwMDAsImRlbGV0ZSI6MzAwMDAwMDAwMDAwLCJ1cGRhdGUiOjEyMDAwMDAwMDAwMH19",
          "dependencies": [
            "aws_internet_gateway.main",
            "aws_route_table.public_subnets",
            "aws_subnet.public_subnets",
            "aws_vpc.main",
            "data.aws_availability_zones.available"
          ]
        },
        {
          "index_key": 1,
          "schema_version": 0,
          "attributes": {
            "gateway_id": "",
            "id": "rtbassoc-0d9bcb6a24212a6cb",
            "route_table_id": "rtb-08fcfb25116459871",
            "subnet_id": "subnet-05956316d20c30c11",
            "timeouts": null
          },
          "sensitive_attributes": [],
          "private": "eyJlMmJmYjczMC1lY2FhLTExZTYtOGY4OC0zNDM2M2JjN2M0YzAiOnsiY3JlYXRlIjozMDAwMDAwMDAwMDAsImRlbGV0ZSI6MzAwMDAwMDAwMDAwLCJ1cGRhdGUiOjEyMDAwMDAwMDAwMH19",
          "dependencies": [
            "aws_internet_gateway.main",
            "aws_route_table.public_subnets",
            "aws_subnet.public_subnets",
            "aws_vpc.main",
            "data.aws_availability_zones.available"
          ]
        }
      ]
    },
    {
      "mode": "managed",
      "type": "aws_security_group",
      "name": "bastion_sg",
      "provider": "provider[\"registry.terraform.io/hashicorp/aws\"]",
      "instances": [
        {
          "schema_version": 1,
          "attributes": {
            "arn": "arn:aws:ec2:us-east-1:435329769674:security-group/sg-0d0161f08f37eeb8b",
            "description": "Allow SSH access",
            "egress": [
              {
                "cidr_blocks": [
                  "0.0.0.0/0"
                ],
                "description": "",
                "from_port": 0,
                "ipv6_cidr_blocks": [],
                "prefix_list_ids": [],
                "protocol": "-1",
                "security_groups": [],
                "self": false,
                "to_port": 0
              }
            ],
            "id": "sg-0d0161f08f37eeb8b",
            "ingress": [
              {
                "cidr_blocks": [
                  "0.0.0.0/0"
                ],
                "description": "",
                "from_port": 22,
                "ipv6_cidr_blocks": [],
                "prefix_list_ids": [],
                "protocol": "tcp",
                "security_groups": [],
                "self": false,
                "to_port": 22
              }
            ],
            "name": "production-bastion-sg",
            "name_prefix": "",
            "owner_id": "435329769674",
            "revoke_rules_on_delete": false,
            "tags": {
              "Environment": "Production",
              "Name": "production-bastion-sg",
              "Owner": "Ernestine D Motouom",
              "Project": "refonte_class"
            },
            "tags_all": {
              "Environment": "Production",
              "Name": "production-bastion-sg",
              "Owner": "Ernestine D Motouom",
              "Project": "refonte_class"
            },
            "timeouts": null,
            "vpc_id": "vpc-0dc00983d8eea9b6d"
          },
          "sensitive_attributes": [],
          "private": "eyJlMmJmYjczMC1lY2FhLTExZTYtOGY4OC0zNDM2M2JjN2M0YzAiOnsiY3JlYXRlIjo2MDAwMDAwMDAwMDAsImRlbGV0ZSI6OTAwMDAwMDAwMDAwfSwic2NoZW1hX3ZlcnNpb24iOiIxIn0=",
          "dependencies": [
            "aws_vpc.main"
          ]
        }
      ]
    },
    {
      "mode": "managed",
      "type": "aws_security_group",
      "name": "elb_sg",
      "provider": "provider[\"registry.terraform.io/hashicorp/aws\"]",
      "instances": [
        {
          "schema_version": 1,
          "attributes": {
            "arn": "arn:aws:ec2:us-east-1:435329769674:security-group/sg-094481263eeb15040",
            "description": "Allow inbound HTTP from the internet to ELB",
            "egress": [
              {
                "cidr_blocks": [
                  "0.0.0.0/0"
                ],
                "description": "",
                "from_port": 0,
                "ipv6_cidr_blocks": [],
                "prefix_list_ids": [],
                "protocol": "-1",
                "security_groups": [],
                "self": false,
                "to_port": 0
              }
            ],
            "id": "sg-094481263eeb15040",
            "ingress": [
              {
                "cidr_blocks": [
                  "0.0.0.0/0"
                ],
                "description": "HTTP from internet",
                "from_port": 80,
                "ipv6_cidr_blocks": [],
                "prefix_list_ids": [],
                "protocol": "tcp",
                "security_groups": [],
                "self": false,
                "to_port": 80
              }
            ],
            "name": "production-elb-sg",
            "name_prefix": "",
            "owner_id": "435329769674",
            "revoke_rules_on_delete": false,
            "tags": {
              "Name": "production-elb-sg"
            },
            "tags_all": {
              "Name": "production-elb-sg"
            },
            "timeouts": null,
            "vpc_id": "vpc-0dc00983d8eea9b6d"
          },
          "sensitive_attributes": [],
          "private": "eyJlMmJmYjczMC1lY2FhLTExZTYtOGY4OC0zNDM2M2JjN2M0YzAiOnsiY3JlYXRlIjo2MDAwMDAwMDAwMDAsImRlbGV0ZSI6OTAwMDAwMDAwMDAwfSwic2NoZW1hX3ZlcnNpb24iOiIxIn0=",
          "dependencies": [
            "aws_vpc.main"
          ]
        }
      ]
    },
    {
      "mode": "managed",
      "type": "aws_security_group",
      "name": "nginx_sg",
      "provider": "provider[\"registry.terraform.io/hashicorp/aws\"]",
      "instances": [
        {
          "schema_version": 1,
          "attributes": {
            "arn": "arn:aws:ec2:us-east-1:435329769674:security-group/sg-045f62c442a5c5178",
            "description": "Allow traffic from ELB to NGINX",
            "egress": [
              {
                "cidr_blocks": [
                  "0.0.0.0/0"
                ],
                "description": "",
                "from_port": 0,
                "ipv6_cidr_blocks": [],
                "prefix_list_ids": [],
                "protocol": "-1",
                "security_groups": [],
                "self": false,
                "to_port": 0
              }
            ],
            "id": "sg-045f62c442a5c5178",
            "ingress": [
              {
                "cidr_blocks": [],
                "description": "HTTP from ELB",
                "from_port": 80,
                "ipv6_cidr_blocks": [],
                "prefix_list_ids": [],
                "protocol": "tcp",
                "security_groups": [
                  "sg-094481263eeb15040"
                ],
                "self": false,
                "to_port": 80
              }
            ],
            "name": "production-nginx-sg",
            "name_prefix": "",
            "owner_id": "435329769674",
            "revoke_rules_on_delete": false,
            "tags": {
              "Name": "production-nginx-sg"
            },
            "tags_all": {
              "Name": "production-nginx-sg"
            },
            "timeouts": null,
            "vpc_id": "vpc-0dc00983d8eea9b6d"
          },
          "sensitive_attributes": [],
          "private": "eyJlMmJmYjczMC1lY2FhLTExZTYtOGY4OC0zNDM2M2JjN2M0YzAiOnsiY3JlYXRlIjo2MDAwMDAwMDAwMDAsImRlbGV0ZSI6OTAwMDAwMDAwMDAwfSwic2NoZW1hX3ZlcnNpb24iOiIxIn0=",
          "dependencies": [
            "aws_security_group.elb_sg",
            "aws_vpc.main"
          ]
        }
      ]
    },
    {
      "mode": "managed",
      "type": "aws_security_group",
      "name": "rds_sg",
      "provider": "provider[\"registry.terraform.io/hashicorp/aws\"]",
      "instances": [
        {
          "schema_version": 1,
          "attributes": {
            "arn": "arn:aws:ec2:us-east-1:435329769674:security-group/sg-092f03ed850b5ff87",
            "description": "Allow MySQL traffic",
            "egress": [
              {
                "cidr_blocks": [
                  "0.0.0.0/0"
                ],
                "description": "",
                "from_port": 0,
                "ipv6_cidr_blocks": [],
                "prefix_list_ids": [],
                "protocol": "-1",
                "security_groups": [],
                "self": false,
                "to_port": 0
              }
            ],
            "id": "sg-092f03ed850b5ff87",
            "ingress": [
              {
                "cidr_blocks": [
                  "10.0.3.0/24",
                  "10.0.4.0/24"
                ],
                "description": "Allow MySQL from app or bastion",
                "from_port": 3306,
                "ipv6_cidr_blocks": [],
                "prefix_list_ids": [],
                "protocol": "tcp",
                "security_groups": [],
                "self": false,
                "to_port": 3306
              }
            ],
            "name": "production-rds-sg",
            "name_prefix": "",
            "owner_id": "435329769674",
            "revoke_rules_on_delete": false,
            "tags": {
              "Environment": "production",
              "Name": "production-rds-sg"
            },
            "tags_all": {
              "Environment": "production",
              "Name": "production-rds-sg"
            },
            "timeouts": null,
            "vpc_id": "vpc-0dc00983d8eea9b6d"
          },
          "sensitive_attributes": [],
          "private": "eyJlMmJmYjczMC1lY2FhLTExZTYtOGY4OC0zNDM2M2JjN2M0YzAiOnsiY3JlYXRlIjo2MDAwMDAwMDAwMDAsImRlbGV0ZSI6OTAwMDAwMDAwMDAwfSwic2NoZW1hX3ZlcnNpb24iOiIxIn0=",
          "dependencies": [
            "aws_vpc.main"
          ]
        }
      ]
    },
    {
      "mode": "managed",
      "type": "aws_subnet",
      "name": "private_subnets",
      "provider": "provider[\"registry.terraform.io/hashicorp/aws\"]",
      "instances": [
        {
          "index_key": 0,
          "schema_version": 1,
          "attributes": {
            "arn": "arn:aws:ec2:us-east-1:435329769674:subnet/subnet-0d22d379feb76ef4b",
            "assign_ipv6_address_on_creation": false,
            "availability_zone": "us-east-1a",
            "availability_zone_id": "use1-az4",
            "cidr_block": "10.0.3.0/24",
            "customer_owned_ipv4_pool": "",
            "enable_dns64": false,
            "enable_lni_at_device_index": 0,
            "enable_resource_name_dns_a_record_on_launch": false,
            "enable_resource_name_dns_aaaa_record_on_launch": false,
            "id": "subnet-0d22d379feb76ef4b",
            "ipv6_cidr_block": "",
            "ipv6_cidr_block_association_id": "",
            "ipv6_native": false,
            "map_customer_owned_ip_on_launch": false,
            "map_public_ip_on_launch": false,
            "outpost_arn": "",
            "owner_id": "435329769674",
            "private_dns_hostname_type_on_launch": "ip-name",
            "tags": {
              "Environment": "Production",
              "Name": "production-private-1",
              "Owner": "Ernestine D Motouom",
              "Project": "refonte_class"
            },
            "tags_all": {
              "Environment": "Production",
              "Name": "production-private-1",
              "Owner": "Ernestine D Motouom",
              "Project": "refonte_class"
            },
            "timeouts": null,
            "vpc_id": "vpc-0dc00983d8eea9b6d"
          },
          "sensitive_attributes": [],
          "private": "eyJlMmJmYjczMC1lY2FhLTExZTYtOGY4OC0zNDM2M2JjN2M0YzAiOnsiY3JlYXRlIjo2MDAwMDAwMDAwMDAsImRlbGV0ZSI6MTIwMDAwMDAwMDAwMH0sInNjaGVtYV92ZXJzaW9uIjoiMSJ9",
          "dependencies": [
            "aws_vpc.main",
            "data.aws_availability_zones.available"
          ]
        },
        {
          "index_key": 1,
          "schema_version": 1,
          "attributes": {
            "arn": "arn:aws:ec2:us-east-1:435329769674:subnet/subnet-0a145fd28dab95a09",
            "assign_ipv6_address_on_creation": false,
            "availability_zone": "us-east-1b",
            "availability_zone_id": "use1-az6",
            "cidr_block": "10.0.4.0/24",
            "customer_owned_ipv4_pool": "",
            "enable_dns64": false,
            "enable_lni_at_device_index": 0,
            "enable_resource_name_dns_a_record_on_launch": false,
            "enable_resource_name_dns_aaaa_record_on_launch": false,
            "id": "subnet-0a145fd28dab95a09",
            "ipv6_cidr_block": "",
            "ipv6_cidr_block_association_id": "",
            "ipv6_native": false,
            "map_customer_owned_ip_on_launch": false,
            "map_public_ip_on_launch": false,
            "outpost_arn": "",
            "owner_id": "435329769674",
            "private_dns_hostname_type_on_launch": "ip-name",
            "tags": {
              "Environment": "Production",
              "Name": "production-private-2",
              "Owner": "Ernestine D Motouom",
              "Project": "refonte_class"
            },
            "tags_all": {
              "Environment": "Production",
              "Name": "production-private-2",
              "Owner": "Ernestine D Motouom",
              "Project": "refonte_class"
            },
            "timeouts": null,
            "vpc_id": "vpc-0dc00983d8eea9b6d"
          },
          "sensitive_attributes": [],
          "private": "eyJlMmJmYjczMC1lY2FhLTExZTYtOGY4OC0zNDM2M2JjN2M0YzAiOnsiY3JlYXRlIjo2MDAwMDAwMDAwMDAsImRlbGV0ZSI6MTIwMDAwMDAwMDAwMH0sInNjaGVtYV92ZXJzaW9uIjoiMSJ9",
          "dependencies": [
            "aws_vpc.main",
            "data.aws_availability_zones.available"
          ]
        }
      ]
    },
    {
      "mode": "managed",
      "type": "aws_subnet",
      "name": "public_subnets",
      "provider": "provider[\"registry.terraform.io/hashicorp/aws\"]",
      "instances": [
        {
          "index_key": 0,
          "schema_version": 1,
          "attributes": {
            "arn": "arn:aws:ec2:us-east-1:435329769674:subnet/subnet-0248b2079474efd00",
            "assign_ipv6_address_on_creation": false,
            "availability_zone": "us-east-1a",
            "availability_zone_id": "use1-az4",
            "cidr_block": "10.0.1.0/24",
            "customer_owned_ipv4_pool": "",
            "enable_dns64": false,
            "enable_lni_at_device_index": 0,
            "enable_resource_name_dns_a_record_on_launch": false,
            "enable_resource_name_dns_aaaa_record_on_launch": false,
            "id": "subnet-0248b2079474efd00",
            "ipv6_cidr_block": "",
            "ipv6_cidr_block_association_id": "",
            "ipv6_native": false,
            "map_customer_owned_ip_on_launch": false,
            "map_public_ip_on_launch": true,
            "outpost_arn": "",
            "owner_id": "435329769674",
            "private_dns_hostname_type_on_launch": "ip-name",
            "tags": {
              "Environment": "Production",
              "Name": "production-public-1",
              "Owner": "Ernestine D Motouom",
              "Project": "refonte_class"
            },
            "tags_all": {
              "Environment": "Production",
              "Name": "production-public-1",
              "Owner": "Ernestine D Motouom",
              "Project": "refonte_class"
            },
            "timeouts": null,
            "vpc_id": "vpc-0dc00983d8eea9b6d"
          },
          "sensitive_attributes": [],
          "private": "eyJlMmJmYjczMC1lY2FhLTExZTYtOGY4OC0zNDM2M2JjN2M0YzAiOnsiY3JlYXRlIjo2MDAwMDAwMDAwMDAsImRlbGV0ZSI6MTIwMDAwMDAwMDAwMH0sInNjaGVtYV92ZXJzaW9uIjoiMSJ9",
          "dependencies": [
            "aws_vpc.main",
            "data.aws_availability_zones.available"
          ]
        },
        {
          "index_key": 1,
          "schema_version": 1,
          "attributes": {
            "arn": "arn:aws:ec2:us-east-1:435329769674:subnet/subnet-05956316d20c30c11",
            "assign_ipv6_address_on_creation": false,
            "availability_zone": "us-east-1b",
            "availability_zone_id": "use1-az6",
            "cidr_block": "10.0.2.0/24",
            "customer_owned_ipv4_pool": "",
            "enable_dns64": false,
            "enable_lni_at_device_index": 0,
            "enable_resource_name_dns_a_record_on_launch": false,
            "enable_resource_name_dns_aaaa_record_on_launch": false,
            "id": "subnet-05956316d20c30c11",
            "ipv6_cidr_block": "",
            "ipv6_cidr_block_association_id": "",
            "ipv6_native": false,
            "map_customer_owned_ip_on_launch": false,
            "map_public_ip_on_launch": true,
            "outpost_arn": "",
            "owner_id": "435329769674",
            "private_dns_hostname_type_on_launch": "ip-name",
            "tags": {
              "Environment": "Production",
              "Name": "production-public-2",
              "Owner": "Ernestine D Motouom",
              "Project": "refonte_class"
            },
            "tags_all": {
              "Environment": "Production",
              "Name": "production-public-2",
              "Owner": "Ernestine D Motouom",
              "Project": "refonte_class"
            },
            "timeouts": null,
            "vpc_id": "vpc-0dc00983d8eea9b6d"
          },
          "sensitive_attributes": [],
          "private": "eyJlMmJmYjczMC1lY2FhLTExZTYtOGY4OC0zNDM2M2JjN2M0YzAiOnsiY3JlYXRlIjo2MDAwMDAwMDAwMDAsImRlbGV0ZSI6MTIwMDAwMDAwMDAwMH0sInNjaGVtYV92ZXJzaW9uIjoiMSJ9",
          "dependencies": [
            "aws_vpc.main",
            "data.aws_availability_zones.available"
          ]
        }
      ]
    },
    {
      "mode": "managed",
      "type": "aws_vpc",
      "name": "main",
      "provider": "provider[\"registry.terraform.io/hashicorp/aws\"]",
      "instances": [
        {
          "schema_version": 1,
          "attributes": {
            "arn": "arn:aws:ec2:us-east-1:435329769674:vpc/vpc-0dc00983d8eea9b6d",
            "assign_generated_ipv6_cidr_block": false,
            "cidr_block": "10.0.0.0/16",
            "default_network_acl_id": "acl-0a025be2b6f99505b",
            "default_route_table_id": "rtb-0979c3ee56bd65d2b",
            "default_security_group_id": "sg-01fae580ead73211e",
            "dhcp_options_id": "dopt-0755ab1550989d4e4",
            "enable_dns_hostnames": false,
            "enable_dns_support": true,
            "enable_network_address_usage_metrics": false,
            "id": "vpc-0dc00983d8eea9b6d",
            "instance_tenancy": "default",
            "ipv4_ipam_pool_id": null,
            "ipv4_netmask_length": null,
            "ipv6_association_id": "",
            "ipv6_cidr_block": "",
            "ipv6_cidr_block_network_border_group": "",
            "ipv6_ipam_pool_id": "",
            "ipv6_netmask_length": 0,
            "main_route_table_id": "rtb-0979c3ee56bd65d2b",
            "owner_id": "435329769674",
            "tags": {
              "Environment": "Production",
              "Name": "production-vpc",
              "Owner": "Ernestine D Motouom",
              "Project": "refonte_class"
            },
            "tags_all": {
              "Environment": "Production",
              "Name": "production-vpc",
              "Owner": "Ernestine D Motouom",
              "Project": "refonte_class"
            }
          },
          "sensitive_attributes": [],
          "private": "eyJzY2hlbWFfdmVyc2lvbiI6IjEifQ=="
        }
      ]
    },
    {
      "module": "module.bastion",
      "mode": "data",
      "type": "aws_ami",
      "name": "ubuntu",
      "provider": "provider[\"registry.terraform.io/hashicorp/aws\"]",
      "instances": [
        {
          "schema_version": 0,
          "attributes": {
            "architecture": "x86_64",
            "arn": "arn:aws:ec2:us-east-1::image/ami-034568121cfdea9c3",
            "block_device_mappings": [
              {
                "device_name": "/dev/sda1",
                "ebs": {
                  "delete_on_termination": "true",
                  "encrypted": "false",
                  "iops": "0",
                  "snapshot_id": "snap-03cd7545253739e71",
                  "throughput": "0",
                  "volume_initialization_rate": "0",
                  "volume_size": "8",
                  "volume_type": "gp3"
                },
                "no_device": "",
                "virtual_name": ""
              },
              {
                "device_name": "/dev/sdb",
                "ebs": {},
                "no_device": "",
                "virtual_name": "ephemeral0"
              },
              {
                "device_name": "/dev/sdc",
                "ebs": {},
                "no_device": "",
                "virtual_name": "ephemeral1"
              }
            ],
            "boot_mode": "uefi-preferred",
            "creation_date": "2025-06-27T10:41:23.000Z",
            "deprecation_time": "2027-06-27T10:41:23.000Z",
            "description": "Canonical, Ubuntu, 24.04, amd64 noble image",
            "ena_support": true,
            "executable_users": null,
            "filter": [
              {
                "name": "image-id",
                "values": [
                  "ami-034568121cfdea9c3"
                ]
              }
            ],
            "hypervisor": "xen",
            "id": "ami-034568121cfdea9c3",
            "image_id": "ami-034568121cfdea9c3",
            "image_location": "amazon/ubuntu/images/hvm-ssd-gp3/ubuntu-noble-24.04-amd64-server-20250627",
            "image_owner_alias": "amazon",
            "image_type": "machine",
            "imds_support": "v2.0",
            "include_deprecated": false,
            "kernel_id": "",
            "last_launched_time": "",
            "most_recent": true,
            "name": "ubuntu/images/hvm-ssd-gp3/ubuntu-noble-24.04-amd64-server-20250627",
            "name_regex": null,
            "owner_id": "099720109477",
            "owners": [
              "099720109477"
            ],
            "platform": "",
            "platform_details": "Linux/UNIX",
            "product_codes": [],
            "public": true,
            "ramdisk_id": "",
            "root_device_name": "/dev/sda1",
            "root_device_type": "ebs",
            "root_snapshot_id": "snap-03cd7545253739e71",
            "sriov_net_support": "simple",
            "state": "available",
            "state_reason": {
              "code": "UNSET",
              "message": "UNSET"
            },
            "tags": {},
            "timeouts": null,
            "tpm_support": "",
            "uefi_data": null,
            "usage_operation": "RunInstances",
            "virtualization_type": "hvm"
          },
          "sensitive_attributes": [
            [
              {
                "type": "get_attr",
                "value": "filter"
              }
            ]
          ]
        }
      ]
    },
    {
      "module": "module.bastion",
      "mode": "data",
      "type": "aws_ssm_parameter",
      "name": "ubuntu_ami",
      "provider": "provider[\"registry.terraform.io/hashicorp/aws\"]",
      "instances": [
        {
          "schema_version": 0,
          "attributes": {
            "arn": "arn:aws:ssm:us-east-1::parameter/aws/service/canonical/ubuntu/server/24.04/stable/current/amd64/hvm/ebs-gp3/ami-id",
            "id": "/aws/service/canonical/ubuntu/server/24.04/stable/current/amd64/hvm/ebs-gp3/ami-id",
            "insecure_value": "ami-034568121cfdea9c3",
            "name": "/aws/service/canonical/ubuntu/server/24.04/stable/current/amd64/hvm/ebs-gp3/ami-id",
            "type": "String",
            "value": "ami-034568121cfdea9c3",
            "version": 47,
            "with_decryption": true
          },
          "sensitive_attributes": [
            [
              {
                "type": "get_attr",
                "value": "value"
              }
            ]
          ]
        }
      ]
    },
    {
      "module": "module.bastion",
      "mode": "managed",
      "type": "aws_instance",
      "name": "bastion",
      "provider": "provider[\"registry.terraform.io/hashicorp/aws\"]",
      "instances": [
        {
          "schema_version": 1,
          "attributes": {
            "ami": "ami-034568121cfdea9c3",
            "arn": "arn:aws:ec2:us-east-1:435329769674:instance/i-08749eee2cc5bf0d4",
            "associate_public_ip_address": true,
            "availability_zone": "us-east-1a",
            "capacity_reservation_specification": [
              {
                "capacity_reservation_preference": "open",
                "capacity_reservation_target": []
              }
            ],
            "cpu_core_count": 1,
            "cpu_options": [
              {
                "amd_sev_snp": "",
                "core_count": 1,
                "threads_per_core": 1
              }
            ],
            "cpu_threads_per_core": 1,
            "credit_specification": [
              {
                "cpu_credits": "standard"
              }
            ],
            "disable_api_stop": false,
            "disable_api_termination": false,
            "ebs_block_device": [],
            "ebs_optimized": false,
            "enable_primary_ipv6": null,
            "enclave_options": [
              {
                "enabled": false
              }
            ],
            "ephemeral_block_device": [],
            "get_password_data": false,
            "hibernation": false,
            "host_id": "",
            "host_resource_group_arn": null,
            "iam_instance_profile": "production-ec2-instance-profile",
            "id": "i-08749eee2cc5bf0d4",
            "instance_initiated_shutdown_behavior": "stop",
            "instance_lifecycle": "",
            "instance_market_options": [],
            "instance_state": "running",
            "instance_type": "t2.micro",
            "ipv6_address_count": 0,
            "ipv6_addresses": [],
            "key_name": "virg.keypair",
            "launch_template": [],
            "maintenance_options": [
              {
                "auto_recovery": "default"
              }
            ],
            "metadata_options": [
              {
                "http_endpoint": "enabled",
                "http_protocol_ipv6": "disabled",
                "http_put_response_hop_limit": 2,
                "http_tokens": "required",
                "instance_metadata_tags": "disabled"
              }
            ],
            "monitoring": false,
            "network_interface": [],
            "outpost_arn": "",
            "password_data": "",
            "placement_group": "",
            "placement_partition_number": 0,
            "primary_network_interface_id": "eni-0a33ba1a115eb6b0b",
            "private_dns": "ip-10-0-1-54.ec2.internal",
            "private_dns_name_options": [
              {
                "enable_resource_name_dns_a_record": false,
                "enable_resource_name_dns_aaaa_record": false,
                "hostname_type": "ip-name"
              }
            ],
            "private_ip": "10.0.1.54",
            "public_dns": "",
            "public_ip": "54.89.162.226",
            "root_block_device": [
              {
                "delete_on_termination": true,
                "device_name": "/dev/sda1",
                "encrypted": false,
                "iops": 3000,
                "kms_key_id": "",
                "tags": {},
                "tags_all": {},
                "throughput": 125,
                "volume_id": "vol-0679cad2400f5689d",
                "volume_size": 8,
                "volume_type": "gp3"
              }
            ],
            "secondary_private_ips": [],
            "security_groups": [],
            "source_dest_check": true,
            "spot_instance_request_id": "",
            "subnet_id": "subnet-0248b2079474efd00",
            "tags": {
              "Environment": "production",
              "Name": "production-bastion"
            },
            "tags_all": {
              "Environment": "production",
              "Name": "production-bastion"
            },
            "tenancy": "default",
            "timeouts": null,
            "user_data": "4c800775755a4364af0d90983b06ef513a1e75b8",
            "user_data_base64": null,
            "user_data_replace_on_change": false,
            "volume_tags": null,
            "vpc_security_group_ids": [
              "sg-0d0161f08f37eeb8b"
            ]
          },
          "sensitive_attributes": [],
          "private": "eyJlMmJmYjczMC1lY2FhLTExZTYtOGY4OC0zNDM2M2JjN2M0YzAiOnsiY3JlYXRlIjo2MDAwMDAwMDAwMDAsImRlbGV0ZSI6MTIwMDAwMDAwMDAwMCwicmVhZCI6OTAwMDAwMDAwMDAwLCJ1cGRhdGUiOjYwMDAwMDAwMDAwMH0sInNjaGVtYV92ZXJzaW9uIjoiMSJ9",
          "dependencies": [
            "aws_security_group.bastion_sg",
            "aws_security_group.elb_sg",
            "aws_security_group.nginx_sg",
            "aws_security_group.rds_sg",
            "aws_subnet.private_subnets",
            "aws_subnet.public_subnets",
            "aws_vpc.main",
            "data.aws_availability_zones.available",
            "module.bastion.data.aws_ami.ubuntu",
            "module.bastion.data.aws_ssm_parameter.ubuntu_ami",
            "module.iam_roles.aws_iam_instance_profile.cw_agent_instance_profile",
            "module.iam_roles.aws_iam_instance_profile.ec2_cloudwatch_metrics",
            "module.iam_roles.aws_iam_instance_profile.ec2_instance_profile",
            "module.iam_roles.aws_iam_role.cloudtrail_logs_role",
            "module.iam_roles.aws_iam_role.cw_agent_role",
            "module.iam_roles.aws_iam_role.ec2_role",
            "module.iam_roles.aws_iam_role.rds_monitoring_role",
            "module.iam_roles.aws_iam_role.waf_logging_role",
            "module.iam_roles.aws_iam_role_policy.cloudtrail_logs_policy",
            "module.iam_roles.aws_iam_role_policy.ec2_cloudwatch_metrics",
            "module.iam_roles.aws_iam_role_policy.waf_logging_policy",
            "module.iam_roles.aws_iam_role_policy_attachment.ec2_cw_agent",
            "module.iam_roles.aws_iam_role_policy_attachment.ec2_ssm",
            "module.iam_roles.aws_iam_role_policy_attachment.rds_monitoring",
            "module.iam_roles.data.aws_iam_policy_document.cloudtrail_assume",
            "module.iam_roles.data.aws_iam_policy_document.cloudtrail_logs",
            "module.iam_roles.data.aws_iam_policy_document.cw_agent_assume",
            "module.iam_roles.data.aws_iam_policy_document.ec2_assume",
            "module.iam_roles.data.aws_iam_policy_document.ec2_cloudwatch_permissions",
            "module.iam_roles.data.aws_iam_policy_document.rds_assume",
            "module.iam_roles.data.aws_iam_policy_document.waf_assume",
            "module.iam_roles.data.aws_iam_policy_document.waf_logging",
            "module.iam_roles.random_id.cw_agent_suffix",
            "module.kms.aws_kms_key.rds",
            "module.kms.aws_kms_key.s3",
            "module.kms.aws_kms_key.secrets_manager",
            "module.kms.aws_kms_key_policy.rds_policy",
            "module.kms.aws_kms_key_policy.s3_policy",
            "module.kms.aws_kms_key_policy.secrets_manager_policy",
            "module.kms.data.aws_caller_identity.current",
            "module.rds_mysql.aws_db_instance.rds_instance",
            "module.rds_mysql.aws_db_subnet_group.rds_subnet_group",
            "module.secrets_manager.aws_secretsmanager_secret.db_secret",
            "module.secrets_manager.aws_secretsmanager_secret_version.db_secret_version",
            "module.secrets_manager.data.aws_secretsmanager_secret_version.retrieved",
            "module.secrets_manager.random_password.password"
          ]
        }
      ]
    },
    {
      "module": "module.cloudtrail",
      "mode": "managed",
      "type": "aws_cloudtrail",
      "name": "main",
      "provider": "provider[\"registry.terraform.io/hashicorp/aws\"]",
      "instances": [
        {
          "schema_version": 1,
          "attributes": {
            "advanced_event_selector": [],
            "arn": "arn:aws:cloudtrail:us-east-1:435329769674:trail/production-cloudtrail",
            "cloud_watch_logs_group_arn": "",
            "cloud_watch_logs_role_arn": "",
            "enable_log_file_validation": true,
            "enable_logging": true,
            "event_selector": [
              {
                "data_resource": [
                  {
                    "type": "AWS::S3::Object",
                    "values": [
                      "arn:aws:s3:::refonte-aws-logs-bucket-production/"
                    ]
                  }
                ],
                "exclude_management_event_sources": [],
                "include_management_events": true,
                "read_write_type": "All"
              }
            ],
            "home_region": "us-east-1",
            "id": "arn:aws:cloudtrail:us-east-1:435329769674:trail/production-cloudtrail",
            "include_global_service_events": true,
            "insight_selector": [],
            "is_multi_region_trail": true,
            "is_organization_trail": false,
            "kms_key_id": "",
            "name": "production-cloudtrail",
            "s3_bucket_name": "refonte-aws-logs-bucket-production",
            "s3_key_prefix": "",
            "sns_topic_arn": "",
            "sns_topic_name": "",
            "tags": {
              "Environment": "Production",
              "Owner": "Ernestine D Motouom",
              "Project": "refonte_class"
            },
            "tags_all": {
              "Environment": "Production",
              "Owner": "Ernestine D Motouom",
              "Project": "refonte_class"
            }
          },
          "sensitive_attributes": [],
          "private": "eyJzY2hlbWFfdmVyc2lvbiI6IjEifQ==",
          "dependencies": [
            "module.logs_bucket.aws_s3_bucket.logs",
            "module.logs_bucket.aws_s3_bucket_policy.cloudtrail_logs",
            "module.logs_bucket.data.aws_caller_identity.current"
          ]
        }
      ]
    },
    {
      "module": "module.cloudwatch",
      "mode": "data",
      "type": "aws_caller_identity",
      "name": "current",
      "provider": "provider[\"registry.terraform.io/hashicorp/aws\"]",
      "instances": [
        {
          "schema_version": 0,
          "attributes": {
            "account_id": "435329769674",
            "arn": "arn:aws:iam::435329769674:user/refonte",
            "id": "435329769674",
            "user_id": "AIDAWKW5NEDFE3KXU5HKH"
          },
          "sensitive_attributes": []
        }
      ]
    },
    {
      "module": "module.cloudwatch",
      "mode": "managed",
      "type": "aws_cloudwatch_dashboard",
      "name": "main",
      "provider": "provider[\"registry.terraform.io/hashicorp/aws\"]",
      "instances": [
        {
          "schema_version": 0,
          "attributes": {
            "dashboard_arn": "arn:aws:cloudwatch::435329769674:dashboard/production-dashboard",
            "dashboard_body": "{\"widgets\":[{\"height\":6,\"properties\":{\"metrics\":[[\"AWS/EC2\",\"CPUUtilization\",\"InstanceId\",\"i-xxxxxxx\"]],\"period\":300,\"region\":\"us-east-1\",\"stat\":\"Average\",\"title\":\"EC2 CPU Utilization\"},\"type\":\"metric\",\"width\":12,\"x\":0,\"y\":0}]}",
            "dashboard_name": "production-dashboard",
            "id": "production-dashboard"
          },
          "sensitive_attributes": [],
          "private": "bnVsbA==",
          "dependencies": [
            "module.iam_roles.aws_iam_instance_profile.cw_agent_instance_profile",
            "module.iam_roles.aws_iam_instance_profile.ec2_cloudwatch_metrics",
            "module.iam_roles.aws_iam_instance_profile.ec2_instance_profile",
            "module.iam_roles.aws_iam_role.cloudtrail_logs_role",
            "module.iam_roles.aws_iam_role.cw_agent_role",
            "module.iam_roles.aws_iam_role.ec2_role",
            "module.iam_roles.aws_iam_role.rds_monitoring_role",
            "module.iam_roles.aws_iam_role.waf_logging_role",
            "module.iam_roles.aws_iam_role_policy.cloudtrail_logs_policy",
            "module.iam_roles.aws_iam_role_policy.ec2_cloudwatch_metrics",
            "module.iam_roles.aws_iam_role_policy.waf_logging_policy",
            "module.iam_roles.aws_iam_role_policy_attachment.ec2_cw_agent",
            "module.iam_roles.aws_iam_role_policy_attachment.ec2_ssm",
            "module.iam_roles.aws_iam_role_policy_attachment.rds_monitoring",
            "module.iam_roles.data.aws_iam_policy_document.cloudtrail_assume",
            "module.iam_roles.data.aws_iam_policy_document.cloudtrail_logs",
            "module.iam_roles.data.aws_iam_policy_document.cw_agent_assume",
            "module.iam_roles.data.aws_iam_policy_document.ec2_assume",
            "module.iam_roles.data.aws_iam_policy_document.ec2_cloudwatch_permissions",
            "module.iam_roles.data.aws_iam_policy_document.rds_assume",
            "module.iam_roles.data.aws_iam_policy_document.waf_assume",
            "module.iam_roles.data.aws_iam_policy_document.waf_logging",
            "module.iam_roles.random_id.cw_agent_suffix"
          ]
        }
      ]
    },
    {
      "module": "module.cloudwatch",
      "mode": "managed",
      "type": "aws_cloudwatch_log_group",
      "name": "waf_metrics",
      "provider": "provider[\"registry.terraform.io/hashicorp/aws\"]",
      "instances": [
        {
          "schema_version": 0,
          "attributes": {
            "arn": "arn:aws:logs:us-east-1:435329769674:log-group:aws-waf-logs-production",
            "id": "aws-waf-logs-production",
            "kms_key_id": "",
            "log_group_class": "STANDARD",
            "name": "aws-waf-logs-production",
            "name_prefix": "",
            "retention_in_days": 14,
            "skip_destroy": false,
            "tags": {
              "Environment": "production",
              "Name": "WAF Log Group"
            },
            "tags_all": {
              "Environment": "production",
              "Name": "WAF Log Group"
            }
          },
          "sensitive_attributes": [],
          "private": "bnVsbA==",
          "dependencies": [
            "module.iam_roles.aws_iam_instance_profile.cw_agent_instance_profile",
            "module.iam_roles.aws_iam_instance_profile.ec2_cloudwatch_metrics",
            "module.iam_roles.aws_iam_instance_profile.ec2_instance_profile",
            "module.iam_roles.aws_iam_role.cloudtrail_logs_role",
            "module.iam_roles.aws_iam_role.cw_agent_role",
            "module.iam_roles.aws_iam_role.ec2_role",
            "module.iam_roles.aws_iam_role.rds_monitoring_role",
            "module.iam_roles.aws_iam_role.waf_logging_role",
            "module.iam_roles.aws_iam_role_policy.cloudtrail_logs_policy",
            "module.iam_roles.aws_iam_role_policy.ec2_cloudwatch_metrics",
            "module.iam_roles.aws_iam_role_policy.waf_logging_policy",
            "module.iam_roles.aws_iam_role_policy_attachment.ec2_cw_agent",
            "module.iam_roles.aws_iam_role_policy_attachment.ec2_ssm",
            "module.iam_roles.aws_iam_role_policy_attachment.rds_monitoring",
            "module.iam_roles.data.aws_iam_policy_document.cloudtrail_assume",
            "module.iam_roles.data.aws_iam_policy_document.cloudtrail_logs",
            "module.iam_roles.data.aws_iam_policy_document.cw_agent_assume",
            "module.iam_roles.data.aws_iam_policy_document.ec2_assume",
            "module.iam_roles.data.aws_iam_policy_document.ec2_cloudwatch_permissions",
            "module.iam_roles.data.aws_iam_policy_document.rds_assume",
            "module.iam_roles.data.aws_iam_policy_document.waf_assume",
            "module.iam_roles.data.aws_iam_policy_document.waf_logging",
            "module.iam_roles.random_id.cw_agent_suffix"
          ]
        }
      ]
    },
    {
      "module": "module.cloudwatch",
      "mode": "managed",
      "type": "aws_cloudwatch_metric_alarm",
      "name": "ec2_high_cpu",
      "provider": "provider[\"registry.terraform.io/hashicorp/aws\"]",
      "instances": [
        {
          "index_key": 0,
          "schema_version": 1,
          "attributes": {
            "actions_enabled": true,
            "alarm_actions": [
              "arn:aws:sns:us-east-1:435329769674:production-cloudwatch-alerts"
            ],
            "alarm_description": "This metric monitors high CPU utilization on EC2 instances",
            "alarm_name": "production-ec2-high-cpu",
            "arn": "arn:aws:cloudwatch:us-east-1:435329769674:alarm:production-ec2-high-cpu",
            "comparison_operator": "GreaterThanThreshold",
            "datapoints_to_alarm": 0,
            "dimensions": {
              "InstanceId": "production-nginx-2025062821335663000000000b"
            },
            "evaluate_low_sample_count_percentiles": "",
            "evaluation_periods": 2,
            "extended_statistic": "",
            "id": "production-ec2-high-cpu",
            "insufficient_data_actions": [],
            "metric_name": "CPUUtilization",
            "metric_query": [],
            "namespace": "AWS/EC2",
            "ok_actions": [],
            "period": 300,
            "statistic": "Average",
            "tags": {},
            "tags_all": {},
            "threshold": 80,
            "threshold_metric_id": "",
            "treat_missing_data": "missing",
            "unit": ""
          },
          "sensitive_attributes": [],
          "private": "eyJzY2hlbWFfdmVyc2lvbiI6IjEifQ==",
          "dependencies": [
            "aws_security_group.bastion_sg",
            "aws_security_group.elb_sg",
            "aws_security_group.nginx_sg",
            "aws_security_group.rds_sg",
            "aws_subnet.private_subnets",
            "aws_subnet.public_subnets",
            "aws_vpc.main",
            "data.aws_availability_zones.available",
            "module.cloudwatch.aws_sns_topic.alerts",
            "module.iam_roles.aws_iam_instance_profile.cw_agent_instance_profile",
            "module.iam_roles.aws_iam_instance_profile.ec2_cloudwatch_metrics",
            "module.iam_roles.aws_iam_instance_profile.ec2_instance_profile",
            "module.iam_roles.aws_iam_role.cloudtrail_logs_role",
            "module.iam_roles.aws_iam_role.cw_agent_role",
            "module.iam_roles.aws_iam_role.ec2_role",
            "module.iam_roles.aws_iam_role.rds_monitoring_role",
            "module.iam_roles.aws_iam_role.waf_logging_role",
            "module.iam_roles.aws_iam_role_policy.cloudtrail_logs_policy",
            "module.iam_roles.aws_iam_role_policy.ec2_cloudwatch_metrics",
            "module.iam_roles.aws_iam_role_policy.waf_logging_policy",
            "module.iam_roles.aws_iam_role_policy_attachment.ec2_cw_agent",
            "module.iam_roles.aws_iam_role_policy_attachment.ec2_ssm",
            "module.iam_roles.aws_iam_role_policy_attachment.rds_monitoring",
            "module.iam_roles.data.aws_iam_policy_document.cloudtrail_assume",
            "module.iam_roles.data.aws_iam_policy_document.cloudtrail_logs",
            "module.iam_roles.data.aws_iam_policy_document.cw_agent_assume",
            "module.iam_roles.data.aws_iam_policy_document.ec2_assume",
            "module.iam_roles.data.aws_iam_policy_document.ec2_cloudwatch_permissions",
            "module.iam_roles.data.aws_iam_policy_document.rds_assume",
            "module.iam_roles.data.aws_iam_policy_document.waf_assume",
            "module.iam_roles.data.aws_iam_policy_document.waf_logging",
            "module.iam_roles.random_id.cw_agent_suffix",
            "module.kms.aws_kms_key.rds",
            "module.kms.aws_kms_key.s3",
            "module.kms.aws_kms_key.secrets_manager",
            "module.kms.aws_kms_key_policy.rds_policy",
            "module.kms.aws_kms_key_policy.s3_policy",
            "module.kms.aws_kms_key_policy.secrets_manager_policy",
            "module.kms.data.aws_caller_identity.current",
            "module.nginx_frontend.aws_launch_template.nginx",
            "module.nginx_frontend.data.aws_ami.ubuntu",
            "module.nginx_frontend.data.aws_ssm_parameter.ubuntu_ami",
            "module.rds_mysql.aws_db_instance.rds_instance",
            "module.rds_mysql.aws_db_subnet_group.rds_subnet_group",
            "module.secrets_manager.aws_secretsmanager_secret.db_secret",
            "module.secrets_manager.aws_secretsmanager_secret_version.db_secret_version",
            "module.secrets_manager.data.aws_secretsmanager_secret_version.retrieved",
            "module.secrets_manager.random_password.password"
          ]
        }
      ]
    },
    {
      "module": "module.cloudwatch",
      "mode": "managed",
      "type": "aws_cloudwatch_metric_alarm",
      "name": "ec2_high_disk",
      "provider": "provider[\"registry.terraform.io/hashicorp/aws\"]",
      "instances": [
        {
          "index_key": 0,
          "schema_version": 1,
          "attributes": {
            "actions_enabled": true,
            "alarm_actions": [
              "arn:aws:sns:us-east-1:435329769674:production-cloudwatch-alerts"
            ],
            "alarm_description": "This metric monitors high disk space utilization on EC2 instances",
            "alarm_name": "production-ec2-high-disk",
            "arn": "arn:aws:cloudwatch:us-east-1:435329769674:alarm:production-ec2-high-disk",
            "comparison_operator": "GreaterThanThreshold",
            "datapoints_to_alarm": 0,
            "dimensions": {
              "InstanceId": "production-nginx-2025062821335663000000000b"
            },
            "evaluate_low_sample_count_percentiles": "",
            "evaluation_periods": 2,
            "extended_statistic": "",
            "id": "production-ec2-high-disk",
            "insufficient_data_actions": [],
            "metric_name": "DiskSpaceUtilization",
            "metric_query": [],
            "namespace": "AWS/EC2",
            "ok_actions": [],
            "period": 300,
            "statistic": "Average",
            "tags": {},
            "tags_all": {},
            "threshold": 90,
            "threshold_metric_id": "",
            "treat_missing_data": "missing",
            "unit": ""
          },
          "sensitive_attributes": [],
          "private": "eyJzY2hlbWFfdmVyc2lvbiI6IjEifQ==",
          "dependencies": [
            "aws_security_group.bastion_sg",
            "aws_security_group.elb_sg",
            "aws_security_group.nginx_sg",
            "aws_security_group.rds_sg",
            "aws_subnet.private_subnets",
            "aws_subnet.public_subnets",
            "aws_vpc.main",
            "data.aws_availability_zones.available",
            "module.cloudwatch.aws_sns_topic.alerts",
            "module.iam_roles.aws_iam_instance_profile.cw_agent_instance_profile",
            "module.iam_roles.aws_iam_instance_profile.ec2_cloudwatch_metrics",
            "module.iam_roles.aws_iam_instance_profile.ec2_instance_profile",
            "module.iam_roles.aws_iam_role.cloudtrail_logs_role",
            "module.iam_roles.aws_iam_role.cw_agent_role",
            "module.iam_roles.aws_iam_role.ec2_role",
            "module.iam_roles.aws_iam_role.rds_monitoring_role",
            "module.iam_roles.aws_iam_role.waf_logging_role",
            "module.iam_roles.aws_iam_role_policy.cloudtrail_logs_policy",
            "module.iam_roles.aws_iam_role_policy.ec2_cloudwatch_metrics",
            "module.iam_roles.aws_iam_role_policy.waf_logging_policy",
            "module.iam_roles.aws_iam_role_policy_attachment.ec2_cw_agent",
            "module.iam_roles.aws_iam_role_policy_attachment.ec2_ssm",
            "module.iam_roles.aws_iam_role_policy_attachment.rds_monitoring",
            "module.iam_roles.data.aws_iam_policy_document.cloudtrail_assume",
            "module.iam_roles.data.aws_iam_policy_document.cloudtrail_logs",
            "module.iam_roles.data.aws_iam_policy_document.cw_agent_assume",
            "module.iam_roles.data.aws_iam_policy_document.ec2_assume",
            "module.iam_roles.data.aws_iam_policy_document.ec2_cloudwatch_permissions",
            "module.iam_roles.data.aws_iam_policy_document.rds_assume",
            "module.iam_roles.data.aws_iam_policy_document.waf_assume",
            "module.iam_roles.data.aws_iam_policy_document.waf_logging",
            "module.iam_roles.random_id.cw_agent_suffix",
            "module.kms.aws_kms_key.rds",
            "module.kms.aws_kms_key.s3",
            "module.kms.aws_kms_key.secrets_manager",
            "module.kms.aws_kms_key_policy.rds_policy",
            "module.kms.aws_kms_key_policy.s3_policy",
            "module.kms.aws_kms_key_policy.secrets_manager_policy",
            "module.kms.data.aws_caller_identity.current",
            "module.nginx_frontend.aws_launch_template.nginx",
            "module.nginx_frontend.data.aws_ami.ubuntu",
            "module.nginx_frontend.data.aws_ssm_parameter.ubuntu_ami",
            "module.rds_mysql.aws_db_instance.rds_instance",
            "module.rds_mysql.aws_db_subnet_group.rds_subnet_group",
            "module.secrets_manager.aws_secretsmanager_secret.db_secret",
            "module.secrets_manager.aws_secretsmanager_secret_version.db_secret_version",
            "module.secrets_manager.data.aws_secretsmanager_secret_version.retrieved",
            "module.secrets_manager.random_password.password"
          ]
        }
      ]
    },
    {
      "module": "module.cloudwatch",
      "mode": "managed",
      "type": "aws_cloudwatch_metric_alarm",
      "name": "rds_high_cpu",
      "provider": "provider[\"registry.terraform.io/hashicorp/aws\"]",
      "instances": [
        {
          "schema_version": 1,
          "attributes": {
            "actions_enabled": true,
            "alarm_actions": [
              "arn:aws:sns:us-east-1:435329769674:production-cloudwatch-alerts"
            ],
            "alarm_description": "This metric monitors high CPU utilization on RDS",
            "alarm_name": "production-rds-high-cpu",
            "arn": "arn:aws:cloudwatch:us-east-1:435329769674:alarm:production-rds-high-cpu",
            "comparison_operator": "GreaterThanThreshold",
            "datapoints_to_alarm": 0,
            "dimensions": {
              "DBInstanceIdentifier": "accounts"
            },
            "evaluate_low_sample_count_percentiles": "",
            "evaluation_periods": 2,
            "extended_statistic": "",
            "id": "production-rds-high-cpu",
            "insufficient_data_actions": [],
            "metric_name": "CPUUtilization",
            "metric_query": [],
            "namespace": "AWS/RDS",
            "ok_actions": [],
            "period": 300,
            "statistic": "Average",
            "tags": {},
            "tags_all": {},
            "threshold": 70,
            "threshold_metric_id": "",
            "treat_missing_data": "missing",
            "unit": ""
          },
          "sensitive_attributes": [],
          "private": "eyJzY2hlbWFfdmVyc2lvbiI6IjEifQ==",
          "dependencies": [
            "aws_security_group.bastion_sg",
            "aws_security_group.elb_sg",
            "aws_security_group.nginx_sg",
            "aws_security_group.rds_sg",
            "aws_subnet.private_subnets",
            "aws_vpc.main",
            "data.aws_availability_zones.available",
            "module.cloudwatch.aws_sns_topic.alerts",
            "module.iam_roles.aws_iam_instance_profile.cw_agent_instance_profile",
            "module.iam_roles.aws_iam_instance_profile.ec2_cloudwatch_metrics",
            "module.iam_roles.aws_iam_instance_profile.ec2_instance_profile",
            "module.iam_roles.aws_iam_role.cloudtrail_logs_role",
            "module.iam_roles.aws_iam_role.cw_agent_role",
            "module.iam_roles.aws_iam_role.ec2_role",
            "module.iam_roles.aws_iam_role.rds_monitoring_role",
            "module.iam_roles.aws_iam_role.waf_logging_role",
            "module.iam_roles.aws_iam_role_policy.cloudtrail_logs_policy",
            "module.iam_roles.aws_iam_role_policy.ec2_cloudwatch_metrics",
            "module.iam_roles.aws_iam_role_policy.waf_logging_policy",
            "module.iam_roles.aws_iam_role_policy_attachment.ec2_cw_agent",
            "module.iam_roles.aws_iam_role_policy_attachment.ec2_ssm",
            "module.iam_roles.aws_iam_role_policy_attachment.rds_monitoring",
            "module.iam_roles.data.aws_iam_policy_document.cloudtrail_assume",
            "module.iam_roles.data.aws_iam_policy_document.cloudtrail_logs",
            "module.iam_roles.data.aws_iam_policy_document.cw_agent_assume",
            "module.iam_roles.data.aws_iam_policy_document.ec2_assume",
            "module.iam_roles.data.aws_iam_policy_document.ec2_cloudwatch_permissions",
            "module.iam_roles.data.aws_iam_policy_document.rds_assume",
            "module.iam_roles.data.aws_iam_policy_document.waf_assume",
            "module.iam_roles.data.aws_iam_policy_document.waf_logging",
            "module.iam_roles.random_id.cw_agent_suffix",
            "module.kms.aws_kms_key.rds",
            "module.kms.aws_kms_key.s3",
            "module.kms.aws_kms_key.secrets_manager",
            "module.kms.aws_kms_key_policy.rds_policy",
            "module.kms.aws_kms_key_policy.s3_policy",
            "module.kms.aws_kms_key_policy.secrets_manager_policy",
            "module.kms.data.aws_caller_identity.current",
            "module.rds_mysql.aws_db_instance.rds_instance",
            "module.rds_mysql.aws_db_subnet_group.rds_subnet_group",
            "module.secrets_manager.aws_secretsmanager_secret.db_secret",
            "module.secrets_manager.aws_secretsmanager_secret_version.db_secret_version",
            "module.secrets_manager.data.aws_secretsmanager_secret_version.retrieved",
            "module.secrets_manager.random_password.password"
          ]
        }
      ]
    },
    {
      "module": "module.cloudwatch",
      "mode": "managed",
      "type": "aws_cloudwatch_metric_alarm",
      "name": "rds_high_memory",
      "provider": "provider[\"registry.terraform.io/hashicorp/aws\"]",
      "instances": [
        {
          "schema_version": 1,
          "attributes": {
            "actions_enabled": true,
            "alarm_actions": [
              "arn:aws:sns:us-east-1:435329769674:production-cloudwatch-alerts"
            ],
            "alarm_description": "This metric monitors low freeable memory on RDS",
            "alarm_name": "production-rds-high-memory",
            "arn": "arn:aws:cloudwatch:us-east-1:435329769674:alarm:production-rds-high-memory",
            "comparison_operator": "GreaterThanThreshold",
            "datapoints_to_alarm": 0,
            "dimensions": {
              "DBInstanceIdentifier": "accounts"
            },
            "evaluate_low_sample_count_percentiles": "",
            "evaluation_periods": 2,
            "extended_statistic": "",
            "id": "production-rds-high-memory",
            "insufficient_data_actions": [],
            "metric_name": "FreeableMemory",
            "metric_query": [],
            "namespace": "AWS/RDS",
            "ok_actions": [],
            "period": 300,
            "statistic": "Average",
            "tags": {},
            "tags_all": {},
            "threshold": 1000000000,
            "threshold_metric_id": "",
            "treat_missing_data": "missing",
            "unit": ""
          },
          "sensitive_attributes": [],
          "private": "eyJzY2hlbWFfdmVyc2lvbiI6IjEifQ==",
          "dependencies": [
            "aws_security_group.bastion_sg",
            "aws_security_group.elb_sg",
            "aws_security_group.nginx_sg",
            "aws_security_group.rds_sg",
            "aws_subnet.private_subnets",
            "aws_vpc.main",
            "data.aws_availability_zones.available",
            "module.cloudwatch.aws_sns_topic.alerts",
            "module.iam_roles.aws_iam_instance_profile.cw_agent_instance_profile",
            "module.iam_roles.aws_iam_instance_profile.ec2_cloudwatch_metrics",
            "module.iam_roles.aws_iam_instance_profile.ec2_instance_profile",
            "module.iam_roles.aws_iam_role.cloudtrail_logs_role",
            "module.iam_roles.aws_iam_role.cw_agent_role",
            "module.iam_roles.aws_iam_role.ec2_role",
            "module.iam_roles.aws_iam_role.rds_monitoring_role",
            "module.iam_roles.aws_iam_role.waf_logging_role",
            "module.iam_roles.aws_iam_role_policy.cloudtrail_logs_policy",
            "module.iam_roles.aws_iam_role_policy.ec2_cloudwatch_metrics",
            "module.iam_roles.aws_iam_role_policy.waf_logging_policy",
            "module.iam_roles.aws_iam_role_policy_attachment.ec2_cw_agent",
            "module.iam_roles.aws_iam_role_policy_attachment.ec2_ssm",
            "module.iam_roles.aws_iam_role_policy_attachment.rds_monitoring",
            "module.iam_roles.data.aws_iam_policy_document.cloudtrail_assume",
            "module.iam_roles.data.aws_iam_policy_document.cloudtrail_logs",
            "module.iam_roles.data.aws_iam_policy_document.cw_agent_assume",
            "module.iam_roles.data.aws_iam_policy_document.ec2_assume",
            "module.iam_roles.data.aws_iam_policy_document.ec2_cloudwatch_permissions",
            "module.iam_roles.data.aws_iam_policy_document.rds_assume",
            "module.iam_roles.data.aws_iam_policy_document.waf_assume",
            "module.iam_roles.data.aws_iam_policy_document.waf_logging",
            "module.iam_roles.random_id.cw_agent_suffix",
            "module.kms.aws_kms_key.rds",
            "module.kms.aws_kms_key.s3",
            "module.kms.aws_kms_key.secrets_manager",
            "module.kms.aws_kms_key_policy.rds_policy",
            "module.kms.aws_kms_key_policy.s3_policy",
            "module.kms.aws_kms_key_policy.secrets_manager_policy",
            "module.kms.data.aws_caller_identity.current",
            "module.rds_mysql.aws_db_instance.rds_instance",
            "module.rds_mysql.aws_db_subnet_group.rds_subnet_group",
            "module.secrets_manager.aws_secretsmanager_secret.db_secret",
            "module.secrets_manager.aws_secretsmanager_secret_version.db_secret_version",
            "module.secrets_manager.data.aws_secretsmanager_secret_version.retrieved",
            "module.secrets_manager.random_password.password"
          ]
        }
      ]
    },
    {
      "module": "module.cloudwatch",
      "mode": "managed",
      "type": "aws_sns_topic",
      "name": "alerts",
      "provider": "provider[\"registry.terraform.io/hashicorp/aws\"]",
      "instances": [
        {
          "schema_version": 0,
          "attributes": {
            "application_failure_feedback_role_arn": "",
            "application_success_feedback_role_arn": "",
            "application_success_feedback_sample_rate": 0,
            "archive_policy": "",
            "arn": "arn:aws:sns:us-east-1:435329769674:production-cloudwatch-alerts",
            "beginning_archive_time": "",
            "content_based_deduplication": false,
            "delivery_policy": "",
            "display_name": "",
            "fifo_throughput_scope": "",
            "fifo_topic": false,
            "firehose_failure_feedback_role_arn": "",
            "firehose_success_feedback_role_arn": "",
            "firehose_success_feedback_sample_rate": 0,
            "http_failure_feedback_role_arn": "",
            "http_success_feedback_role_arn": "",
            "http_success_feedback_sample_rate": 0,
            "id": "arn:aws:sns:us-east-1:435329769674:production-cloudwatch-alerts",
            "kms_master_key_id": "",
            "lambda_failure_feedback_role_arn": "",
            "lambda_success_feedback_role_arn": "",
            "lambda_success_feedback_sample_rate": 0,
            "name": "production-cloudwatch-alerts",
            "name_prefix": "",
            "owner": "435329769674",
            "policy": "{\"Id\":\"__default_policy_ID\",\"Statement\":[{\"Action\":[\"SNS:GetTopicAttributes\",\"SNS:SetTopicAttributes\",\"SNS:AddPermission\",\"SNS:RemovePermission\",\"SNS:DeleteTopic\",\"SNS:Subscribe\",\"SNS:ListSubscriptionsByTopic\",\"SNS:Publish\"],\"Condition\":{\"StringEquals\":{\"AWS:SourceOwner\":\"435329769674\"}},\"Effect\":\"Allow\",\"Principal\":{\"AWS\":\"*\"},\"Resource\":\"arn:aws:sns:us-east-1:435329769674:production-cloudwatch-alerts\",\"Sid\":\"__default_statement_ID\"}],\"Version\":\"2008-10-17\"}",
            "signature_version": 0,
            "sqs_failure_feedback_role_arn": "",
            "sqs_success_feedback_role_arn": "",
            "sqs_success_feedback_sample_rate": 0,
            "tags": {},
            "tags_all": {},
            "tracing_config": ""
          },
          "sensitive_attributes": [],
          "private": "bnVsbA==",
          "dependencies": [
            "module.iam_roles.aws_iam_instance_profile.cw_agent_instance_profile",
            "module.iam_roles.aws_iam_instance_profile.ec2_cloudwatch_metrics",
            "module.iam_roles.aws_iam_instance_profile.ec2_instance_profile",
            "module.iam_roles.aws_iam_role.cloudtrail_logs_role",
            "module.iam_roles.aws_iam_role.cw_agent_role",
            "module.iam_roles.aws_iam_role.ec2_role",
            "module.iam_roles.aws_iam_role.rds_monitoring_role",
            "module.iam_roles.aws_iam_role.waf_logging_role",
            "module.iam_roles.aws_iam_role_policy.cloudtrail_logs_policy",
            "module.iam_roles.aws_iam_role_policy.ec2_cloudwatch_metrics",
            "module.iam_roles.aws_iam_role_policy.waf_logging_policy",
            "module.iam_roles.aws_iam_role_policy_attachment.ec2_cw_agent",
            "module.iam_roles.aws_iam_role_policy_attachment.ec2_ssm",
            "module.iam_roles.aws_iam_role_policy_attachment.rds_monitoring",
            "module.iam_roles.data.aws_iam_policy_document.cloudtrail_assume",
            "module.iam_roles.data.aws_iam_policy_document.cloudtrail_logs",
            "module.iam_roles.data.aws_iam_policy_document.cw_agent_assume",
            "module.iam_roles.data.aws_iam_policy_document.ec2_assume",
            "module.iam_roles.data.aws_iam_policy_document.ec2_cloudwatch_permissions",
            "module.iam_roles.data.aws_iam_policy_document.rds_assume",
            "module.iam_roles.data.aws_iam_policy_document.waf_assume",
            "module.iam_roles.data.aws_iam_policy_document.waf_logging",
            "module.iam_roles.random_id.cw_agent_suffix"
          ]
        }
      ]
    },
    {
      "module": "module.cloudwatch",
      "mode": "managed",
      "type": "aws_sns_topic_subscription",
      "name": "sns_email",
      "provider": "provider[\"registry.terraform.io/hashicorp/aws\"]",
      "instances": [
        {
          "index_key": "kmkouokam@yahoo.com",
          "schema_version": 0,
          "attributes": {
            "arn": "arn:aws:sns:us-east-1:435329769674:production-cloudwatch-alerts:b606496b-0ba8-4826-a6ef-c5edcb4a428a",
            "confirmation_timeout_in_minutes": 1,
            "confirmation_was_authenticated": false,
            "delivery_policy": "",
            "endpoint": "kmkouokam@yahoo.com",
            "endpoint_auto_confirms": false,
            "filter_policy": "",
            "filter_policy_scope": "",
            "id": "arn:aws:sns:us-east-1:435329769674:production-cloudwatch-alerts:b606496b-0ba8-4826-a6ef-c5edcb4a428a",
            "owner_id": "435329769674",
            "pending_confirmation": true,
            "protocol": "email",
            "raw_message_delivery": false,
            "redrive_policy": "",
            "replay_policy": "",
            "subscription_role_arn": "",
            "topic_arn": "arn:aws:sns:us-east-1:435329769674:production-cloudwatch-alerts"
          },
          "sensitive_attributes": [],
          "private": "bnVsbA==",
          "dependencies": [
            "module.cloudwatch.aws_sns_topic.alerts",
            "module.iam_roles.aws_iam_instance_profile.cw_agent_instance_profile",
            "module.iam_roles.aws_iam_instance_profile.ec2_cloudwatch_metrics",
            "module.iam_roles.aws_iam_instance_profile.ec2_instance_profile",
            "module.iam_roles.aws_iam_role.cloudtrail_logs_role",
            "module.iam_roles.aws_iam_role.cw_agent_role",
            "module.iam_roles.aws_iam_role.ec2_role",
            "module.iam_roles.aws_iam_role.rds_monitoring_role",
            "module.iam_roles.aws_iam_role.waf_logging_role",
            "module.iam_roles.aws_iam_role_policy.cloudtrail_logs_policy",
            "module.iam_roles.aws_iam_role_policy.ec2_cloudwatch_metrics",
            "module.iam_roles.aws_iam_role_policy.waf_logging_policy",
            "module.iam_roles.aws_iam_role_policy_attachment.ec2_cw_agent",
            "module.iam_roles.aws_iam_role_policy_attachment.ec2_ssm",
            "module.iam_roles.aws_iam_role_policy_attachment.rds_monitoring",
            "module.iam_roles.data.aws_iam_policy_document.cloudtrail_assume",
            "module.iam_roles.data.aws_iam_policy_document.cloudtrail_logs",
            "module.iam_roles.data.aws_iam_policy_document.cw_agent_assume",
            "module.iam_roles.data.aws_iam_policy_document.ec2_assume",
            "module.iam_roles.data.aws_iam_policy_document.ec2_cloudwatch_permissions",
            "module.iam_roles.data.aws_iam_policy_document.rds_assume",
            "module.iam_roles.data.aws_iam_policy_document.waf_assume",
            "module.iam_roles.data.aws_iam_policy_document.waf_logging",
            "module.iam_roles.random_id.cw_agent_suffix"
          ]
        },
        {
          "index_key": "nycarine0@gmail.com",
          "schema_version": 0,
          "attributes": {
            "arn": "arn:aws:sns:us-east-1:435329769674:production-cloudwatch-alerts:c5896ad3-41ea-4496-a39e-3c9aa492924c",
            "confirmation_timeout_in_minutes": 1,
            "confirmation_was_authenticated": false,
            "delivery_policy": "",
            "endpoint": "nycarine0@gmail.com",
            "endpoint_auto_confirms": false,
            "filter_policy": "",
            "filter_policy_scope": "",
            "id": "arn:aws:sns:us-east-1:435329769674:production-cloudwatch-alerts:c5896ad3-41ea-4496-a39e-3c9aa492924c",
            "owner_id": "435329769674",
            "pending_confirmation": true,
            "protocol": "email",
            "raw_message_delivery": false,
            "redrive_policy": "",
            "replay_policy": "",
            "subscription_role_arn": "",
            "topic_arn": "arn:aws:sns:us-east-1:435329769674:production-cloudwatch-alerts"
          },
          "sensitive_attributes": [],
          "private": "bnVsbA==",
          "dependencies": [
            "module.cloudwatch.aws_sns_topic.alerts",
            "module.iam_roles.aws_iam_instance_profile.cw_agent_instance_profile",
            "module.iam_roles.aws_iam_instance_profile.ec2_cloudwatch_metrics",
            "module.iam_roles.aws_iam_instance_profile.ec2_instance_profile",
            "module.iam_roles.aws_iam_role.cloudtrail_logs_role",
            "module.iam_roles.aws_iam_role.cw_agent_role",
            "module.iam_roles.aws_iam_role.ec2_role",
            "module.iam_roles.aws_iam_role.rds_monitoring_role",
            "module.iam_roles.aws_iam_role.waf_logging_role",
            "module.iam_roles.aws_iam_role_policy.cloudtrail_logs_policy",
            "module.iam_roles.aws_iam_role_policy.ec2_cloudwatch_metrics",
            "module.iam_roles.aws_iam_role_policy.waf_logging_policy",
            "module.iam_roles.aws_iam_role_policy_attachment.ec2_cw_agent",
            "module.iam_roles.aws_iam_role_policy_attachment.ec2_ssm",
            "module.iam_roles.aws_iam_role_policy_attachment.rds_monitoring",
            "module.iam_roles.data.aws_iam_policy_document.cloudtrail_assume",
            "module.iam_roles.data.aws_iam_policy_document.cloudtrail_logs",
            "module.iam_roles.data.aws_iam_policy_document.cw_agent_assume",
            "module.iam_roles.data.aws_iam_policy_document.ec2_assume",
            "module.iam_roles.data.aws_iam_policy_document.ec2_cloudwatch_permissions",
            "module.iam_roles.data.aws_iam_policy_document.rds_assume",
            "module.iam_roles.data.aws_iam_policy_document.waf_assume",
            "module.iam_roles.data.aws_iam_policy_document.waf_logging",
            "module.iam_roles.random_id.cw_agent_suffix"
          ]
        }
      ]
    },
    {
      "module": "module.cost_optimization",
      "mode": "data",
      "type": "aws_caller_identity",
      "name": "current",
      "provider": "provider[\"registry.terraform.io/hashicorp/aws\"]",
      "instances": [
        {
          "schema_version": 0,
          "attributes": {
            "account_id": "435329769674",
            "arn": "arn:aws:iam::435329769674:user/refonte",
            "id": "435329769674",
            "user_id": "AIDAWKW5NEDFE3KXU5HKH"
          },
          "sensitive_attributes": []
        }
      ]
    },
    {
      "module": "module.cost_optimization",
      "mode": "managed",
      "type": "aws_budgets_budget",
      "name": "monthly_budget",
      "provider": "provider[\"registry.terraform.io/hashicorp/aws\"]",
      "instances": [
        {
          "status": "tainted",
          "schema_version": 0,
          "attributes": {
            "account_id": null,
            "arn": null,
            "auto_adjust_data": [],
            "budget_type": "COST",
            "cost_filter": [
              {
                "name": "Service",
                "values": [
                  "Amazon Elastic Compute Cloud - Compute"
                ]
              }
            ],
            "cost_types": [
              {
                "include_credit": true,
                "include_discount": true,
                "include_other_subscription": true,
                "include_recurring": true,
                "include_refund": true,
                "include_subscription": true,
                "include_support": true,
                "include_tax": true,
                "include_upfront": true,
                "use_amortized": false,
                "use_blended": false
              }
            ],
            "id": "435329769674:monthly-project-budget",
            "limit_amount": "100",
            "limit_unit": "USD",
            "name": "monthly-project-budget",
            "name_prefix": null,
            "notification": [
              {
                "comparison_operator": "GREATER_THAN",
                "notification_type": "ACTUAL",
                "subscriber_email_addresses": [
                  "kmkouokam@yahoo.com"
                ],
                "subscriber_sns_topic_arns": [],
                "threshold": 85,
                "threshold_type": "PERCENTAGE"
              },
              {
                "comparison_operator": "GREATER_THAN",
                "notification_type": "ACTUAL",
                "subscriber_email_addresses": [
                  "nycarine0@gmail.com"
                ],
                "subscriber_sns_topic_arns": [],
                "threshold": 85,
                "threshold_type": "PERCENTAGE"
              }
            ],
            "planned_limit": [],
            "tags": {
              "Environment": "production"
            },
            "tags_all": {
              "Environment": "production"
            },
            "time_period_end": "2087-06-15_00:00",
            "time_period_start": null,
            "time_unit": "MONTHLY"
          },
          "sensitive_attributes": [],
          "private": "bnVsbA=="
        }
      ]
    },
    {
      "module": "module.cost_optimization",
      "mode": "managed",
      "type": "aws_ce_anomaly_monitor",
      "name": "ec2_monitor",
      "provider": "provider[\"registry.terraform.io/hashicorp/aws\"]",
      "instances": [
        {
          "schema_version": 0,
          "attributes": {
            "arn": "arn:aws:ce::435329769674:anomalymonitor/78b0d313-e0ed-4bba-9cc2-30b3de7fd2b6",
            "id": "arn:aws:ce::435329769674:anomalymonitor/78b0d313-e0ed-4bba-9cc2-30b3de7fd2b6",
            "monitor_dimension": "SERVICE",
            "monitor_specification": null,
            "monitor_type": "DIMENSIONAL",
            "name": "ec2-anomaly-monitor",
            "tags": {
              "Environment": "production"
            },
            "tags_all": {
              "Environment": "production"
            }
          },
          "sensitive_attributes": [],
          "private": "bnVsbA=="
        }
      ]
    },
    {
      "module": "module.cost_optimization",
      "mode": "managed",
      "type": "aws_ce_anomaly_subscription",
      "name": "email_alert",
      "provider": "provider[\"registry.terraform.io/hashicorp/aws\"]",
      "instances": [
        {
          "schema_version": 0,
          "attributes": {
            "account_id": "435329769674",
            "arn": "arn:aws:ce::435329769674:anomalysubscription/d087fc9d-8b49-47b8-a85c-a87489ad1afb",
            "frequency": "DAILY",
            "id": "arn:aws:ce::435329769674:anomalysubscription/d087fc9d-8b49-47b8-a85c-a87489ad1afb",
            "monitor_arn_list": [
              "arn:aws:ce::435329769674:anomalymonitor/78b0d313-e0ed-4bba-9cc2-30b3de7fd2b6"
            ],
            "name": "cost-anomaly-subscription",
            "subscriber": [
              {
                "address": "kmkouokam@yahoo.com",
                "type": "EMAIL"
              },
              {
                "address": "nycarine0@gmail.com",
                "type": "EMAIL"
              }
            ],
            "tags": {},
            "tags_all": {},
            "threshold_expression": [
              {
                "and": [],
                "cost_category": [],
                "dimension": [
                  {
                    "key": "ANOMALY_TOTAL_IMPACT_ABSOLUTE",
                    "match_options": [
                      "GREATER_THAN_OR_EQUAL"
                    ],
                    "values": [
                      "100"
                    ]
                  }
                ],
                "not": [],
                "or": [],
                "tags": []
              }
            ]
          },
          "sensitive_attributes": [],
          "private": "bnVsbA==",
          "dependencies": [
            "module.cost_optimization.aws_ce_anomaly_monitor.ec2_monitor"
          ]
        }
      ]
    },
    {
      "module": "module.cost_optimization",
      "mode": "managed",
      "type": "aws_ce_cost_category",
      "name": "env_category",
      "provider": "provider[\"registry.terraform.io/hashicorp/aws\"]",
      "instances": [
        {
          "schema_version": 0,
          "attributes": {
            "arn": "arn:aws:ce::435329769674:costcategory/d9208f96-ebd9-469c-bc0c-a82f5bbe88af",
            "default_value": "",
            "effective_end": "",
            "effective_start": "2025-06-01T00:00:00Z",
            "id": "arn:aws:ce::435329769674:costcategory/d9208f96-ebd9-469c-bc0c-a82f5bbe88af",
            "name": "EnvironmentCategory",
            "rule": [
              {
                "inherited_value": [],
                "rule": [
                  {
                    "and": [],
                    "cost_category": [],
                    "dimension": [
                      {
                        "key": "LINKED_ACCOUNT",
                        "match_options": [],
                        "values": [
                          "435329769674"
                        ]
                      }
                    ],
                    "not": [],
                    "or": [],
                    "tags": []
                  }
                ],
                "type": "REGULAR",
                "value": "Production"
              },
              {
                "inherited_value": [],
                "rule": [
                  {
                    "and": [],
                    "cost_category": [],
                    "dimension": [
                      {
                        "key": "LINKED_ACCOUNT",
                        "match_options": [],
                        "values": [
                          "435329769674"
                        ]
                      }
                    ],
                    "not": [],
                    "or": [],
                    "tags": []
                  }
                ],
                "type": "REGULAR",
                "value": "Development"
              }
            ],
            "rule_version": "CostCategoryExpression.v1",
            "split_charge_rule": [],
            "tags": {},
            "tags_all": {}
          },
          "sensitive_attributes": [],
          "private": "bnVsbA==",
          "dependencies": [
            "module.cost_optimization.data.aws_caller_identity.current"
          ]
        }
      ]
    },
    {
      "module": "module.iam_roles",
      "mode": "data",
      "type": "aws_iam_policy_document",
      "name": "cloudtrail_assume",
      "provider": "provider[\"registry.terraform.io/hashicorp/aws\"]",
      "instances": [
        {
          "schema_version": 0,
          "attributes": {
            "id": "1399789601",
            "json": "{\n  \"Version\": \"2012-10-17\",\n  \"Statement\": [\n    {\n      \"Effect\": \"Allow\",\n      \"Action\": \"sts:AssumeRole\",\n      \"Principal\": {\n        \"Service\": \"cloudtrail.amazonaws.com\"\n      }\n    }\n  ]\n}",
            "minified_json": "{\"Version\":\"2012-10-17\",\"Statement\":[{\"Effect\":\"Allow\",\"Action\":\"sts:AssumeRole\",\"Principal\":{\"Service\":\"cloudtrail.amazonaws.com\"}}]}",
            "override_json": null,
            "override_policy_documents": null,
            "policy_id": null,
            "source_json": null,
            "source_policy_documents": null,
            "statement": [
              {
                "actions": [
                  "sts:AssumeRole"
                ],
                "condition": [],
                "effect": "Allow",
                "not_actions": [],
                "not_principals": [],
                "not_resources": [],
                "principals": [
                  {
                    "identifiers": [
                      "cloudtrail.amazonaws.com"
                    ],
                    "type": "Service"
                  }
                ],
                "resources": [],
                "sid": ""
              }
            ],
            "version": "2012-10-17"
          },
          "sensitive_attributes": []
        }
      ]
    },
    {
      "module": "module.iam_roles",
      "mode": "data",
      "type": "aws_iam_policy_document",
      "name": "cloudtrail_logs",
      "provider": "provider[\"registry.terraform.io/hashicorp/aws\"]",
      "instances": [
        {
          "schema_version": 0,
          "attributes": {
            "id": "1041649187",
            "json": "{\n  \"Version\": \"2012-10-17\",\n  \"Statement\": [\n    {\n      \"Effect\": \"Allow\",\n      \"Action\": [\n        \"logs:PutLogEvents\",\n        \"logs:DescribeLogStreams\",\n        \"logs:DescribeLogGroups\",\n        \"logs:CreateLogStream\",\n        \"logs:CreateLogGroup\"\n      ],\n      \"Resource\": \"*\"\n    }\n  ]\n}",
            "minified_json": "{\"Version\":\"2012-10-17\",\"Statement\":[{\"Effect\":\"Allow\",\"Action\":[\"logs:PutLogEvents\",\"logs:DescribeLogStreams\",\"logs:DescribeLogGroups\",\"logs:CreateLogStream\",\"logs:CreateLogGroup\"],\"Resource\":\"*\"}]}",
            "override_json": null,
            "override_policy_documents": null,
            "policy_id": null,
            "source_json": null,
            "source_policy_documents": null,
            "statement": [
              {
                "actions": [
                  "logs:CreateLogGroup",
                  "logs:CreateLogStream",
                  "logs:DescribeLogGroups",
                  "logs:DescribeLogStreams",
                  "logs:PutLogEvents"
                ],
                "condition": [],
                "effect": "Allow",
                "not_actions": [],
                "not_principals": [],
                "not_resources": [],
                "principals": [],
                "resources": [
                  "*"
                ],
                "sid": ""
              }
            ],
            "version": "2012-10-17"
          },
          "sensitive_attributes": []
        }
      ]
    },
    {
      "module": "module.iam_roles",
      "mode": "data",
      "type": "aws_iam_policy_document",
      "name": "cw_agent_assume",
      "provider": "provider[\"registry.terraform.io/hashicorp/aws\"]",
      "instances": [
        {
          "schema_version": 0,
          "attributes": {
            "id": "1443847869",
            "json": "{\n  \"Version\": \"2012-10-17\",\n  \"Statement\": [\n    {\n      \"Effect\": \"Allow\",\n      \"Action\": \"sts:AssumeRole\",\n      \"Principal\": {\n        \"Service\": \"ec2.amazonaws.com\"\n      }\n    }\n  ]\n}",
            "minified_json": "{\"Version\":\"2012-10-17\",\"Statement\":[{\"Effect\":\"Allow\",\"Action\":\"sts:AssumeRole\",\"Principal\":{\"Service\":\"ec2.amazonaws.com\"}}]}",
            "override_json": null,
            "override_policy_documents": null,
            "policy_id": null,
            "source_json": null,
            "source_policy_documents": null,
            "statement": [
              {
                "actions": [
                  "sts:AssumeRole"
                ],
                "condition": [],
                "effect": "Allow",
                "not_actions": [],
                "not_principals": [],
                "not_resources": [],
                "principals": [
                  {
                    "identifiers": [
                      "ec2.amazonaws.com"
                    ],
                    "type": "Service"
                  }
                ],
                "resources": [],
                "sid": ""
              }
            ],
            "version": "2012-10-17"
          },
          "sensitive_attributes": []
        }
      ]
    },
    {
      "module": "module.iam_roles",
      "mode": "data",
      "type": "aws_iam_policy_document",
      "name": "ec2_assume",
      "provider": "provider[\"registry.terraform.io/hashicorp/aws\"]",
      "instances": [
        {
          "schema_version": 0,
          "attributes": {
            "id": "1443847869",
            "json": "{\n  \"Version\": \"2012-10-17\",\n  \"Statement\": [\n    {\n      \"Effect\": \"Allow\",\n      \"Action\": \"sts:AssumeRole\",\n      \"Principal\": {\n        \"Service\": \"ec2.amazonaws.com\"\n      }\n    }\n  ]\n}",
            "minified_json": "{\"Version\":\"2012-10-17\",\"Statement\":[{\"Effect\":\"Allow\",\"Action\":\"sts:AssumeRole\",\"Principal\":{\"Service\":\"ec2.amazonaws.com\"}}]}",
            "override_json": null,
            "override_policy_documents": null,
            "policy_id": null,
            "source_json": null,
            "source_policy_documents": null,
            "statement": [
              {
                "actions": [
                  "sts:AssumeRole"
                ],
                "condition": [],
                "effect": "Allow",
                "not_actions": [],
                "not_principals": [],
                "not_resources": [],
                "principals": [
                  {
                    "identifiers": [
                      "ec2.amazonaws.com"
                    ],
                    "type": "Service"
                  }
                ],
                "resources": [],
                "sid": ""
              }
            ],
            "version": "2012-10-17"
          },
          "sensitive_attributes": []
        }
      ]
    },
    {
      "module": "module.iam_roles",
      "mode": "data",
      "type": "aws_iam_policy_document",
      "name": "ec2_cloudwatch_permissions",
      "provider": "provider[\"registry.terraform.io/hashicorp/aws\"]",
      "instances": [
        {
          "schema_version": 0,
          "attributes": {
            "id": "132058971",
            "json": "{\n  \"Version\": \"2012-10-17\",\n  \"Statement\": [\n    {\n      \"Effect\": \"Allow\",\n      \"Action\": [\n        \"cloudwatch:ListMetrics\",\n        \"cloudwatch:GetMetricStatistics\",\n        \"cloudwatch:GetMetricData\"\n      ],\n      \"Resource\": \"*\"\n    }\n  ]\n}",
            "minified_json": "{\"Version\":\"2012-10-17\",\"Statement\":[{\"Effect\":\"Allow\",\"Action\":[\"cloudwatch:ListMetrics\",\"cloudwatch:GetMetricStatistics\",\"cloudwatch:GetMetricData\"],\"Resource\":\"*\"}]}",
            "override_json": null,
            "override_policy_documents": null,
            "policy_id": null,
            "source_json": null,
            "source_policy_documents": null,
            "statement": [
              {
                "actions": [
                  "cloudwatch:GetMetricData",
                  "cloudwatch:GetMetricStatistics",
                  "cloudwatch:ListMetrics"
                ],
                "condition": [],
                "effect": "Allow",
                "not_actions": [],
                "not_principals": [],
                "not_resources": [],
                "principals": [],
                "resources": [
                  "*"
                ],
                "sid": ""
              }
            ],
            "version": "2012-10-17"
          },
          "sensitive_attributes": []
        }
      ]
    },
    {
      "module": "module.iam_roles",
      "mode": "data",
      "type": "aws_iam_policy_document",
      "name": "rds_assume",
      "provider": "provider[\"registry.terraform.io/hashicorp/aws\"]",
      "instances": [
        {
          "schema_version": 0,
          "attributes": {
            "id": "76086537",
            "json": "{\n  \"Version\": \"2012-10-17\",\n  \"Statement\": [\n    {\n      \"Effect\": \"Allow\",\n      \"Action\": \"sts:AssumeRole\",\n      \"Principal\": {\n        \"Service\": \"monitoring.rds.amazonaws.com\"\n      }\n    }\n  ]\n}",
            "minified_json": "{\"Version\":\"2012-10-17\",\"Statement\":[{\"Effect\":\"Allow\",\"Action\":\"sts:AssumeRole\",\"Principal\":{\"Service\":\"monitoring.rds.amazonaws.com\"}}]}",
            "override_json": null,
            "override_policy_documents": null,
            "policy_id": null,
            "source_json": null,
            "source_policy_documents": null,
            "statement": [
              {
                "actions": [
                  "sts:AssumeRole"
                ],
                "condition": [],
                "effect": "Allow",
                "not_actions": [],
                "not_principals": [],
                "not_resources": [],
                "principals": [
                  {
                    "identifiers": [
                      "monitoring.rds.amazonaws.com"
                    ],
                    "type": "Service"
                  }
                ],
                "resources": [],
                "sid": ""
              }
            ],
            "version": "2012-10-17"
          },
          "sensitive_attributes": []
        }
      ]
    },
    {
      "module": "module.iam_roles",
      "mode": "data",
      "type": "aws_iam_policy_document",
      "name": "waf_assume",
      "provider": "provider[\"registry.terraform.io/hashicorp/aws\"]",
      "instances": [
        {
          "schema_version": 0,
          "attributes": {
            "id": "331007763",
            "json": "{\n  \"Version\": \"2012-10-17\",\n  \"Statement\": [\n    {\n      \"Effect\": \"Allow\",\n      \"Action\": \"sts:AssumeRole\",\n      \"Principal\": {\n        \"Service\": \"waf.amazonaws.com\"\n      }\n    }\n  ]\n}",
            "minified_json": "{\"Version\":\"2012-10-17\",\"Statement\":[{\"Effect\":\"Allow\",\"Action\":\"sts:AssumeRole\",\"Principal\":{\"Service\":\"waf.amazonaws.com\"}}]}",
            "override_json": null,
            "override_policy_documents": null,
            "policy_id": null,
            "source_json": null,
            "source_policy_documents": null,
            "statement": [
              {
                "actions": [
                  "sts:AssumeRole"
                ],
                "condition": [],
                "effect": "Allow",
                "not_actions": [],
                "not_principals": [],
                "not_resources": [],
                "principals": [
                  {
                    "identifiers": [
                      "waf.amazonaws.com"
                    ],
                    "type": "Service"
                  }
                ],
                "resources": [],
                "sid": ""
              }
            ],
            "version": "2012-10-17"
          },
          "sensitive_attributes": []
        }
      ]
    },
    {
      "module": "module.iam_roles",
      "mode": "data",
      "type": "aws_iam_policy_document",
      "name": "waf_logging",
      "provider": "provider[\"registry.terraform.io/hashicorp/aws\"]",
      "instances": [
        {
          "schema_version": 0,
          "attributes": {
            "id": "1041649187",
            "json": "{\n  \"Version\": \"2012-10-17\",\n  \"Statement\": [\n    {\n      \"Effect\": \"Allow\",\n      \"Action\": [\n        \"logs:PutLogEvents\",\n        \"logs:DescribeLogStreams\",\n        \"logs:DescribeLogGroups\",\n        \"logs:CreateLogStream\",\n        \"logs:CreateLogGroup\"\n      ],\n      \"Resource\": \"*\"\n    }\n  ]\n}",
            "minified_json": "{\"Version\":\"2012-10-17\",\"Statement\":[{\"Effect\":\"Allow\",\"Action\":[\"logs:PutLogEvents\",\"logs:DescribeLogStreams\",\"logs:DescribeLogGroups\",\"logs:CreateLogStream\",\"logs:CreateLogGroup\"],\"Resource\":\"*\"}]}",
            "override_json": null,
            "override_policy_documents": null,
            "policy_id": null,
            "source_json": null,
            "source_policy_documents": null,
            "statement": [
              {
                "actions": [
                  "logs:CreateLogGroup",
                  "logs:CreateLogStream",
                  "logs:DescribeLogGroups",
                  "logs:DescribeLogStreams",
                  "logs:PutLogEvents"
                ],
                "condition": [],
                "effect": "Allow",
                "not_actions": [],
                "not_principals": [],
                "not_resources": [],
                "principals": [],
                "resources": [
                  "*"
                ],
                "sid": ""
              }
            ],
            "version": "2012-10-17"
          },
          "sensitive_attributes": []
        }
      ]
    },
    {
      "module": "module.iam_roles",
      "mode": "managed",
      "type": "aws_iam_instance_profile",
      "name": "cw_agent_instance_profile",
      "provider": "provider[\"registry.terraform.io/hashicorp/aws\"]",
      "instances": [
        {
          "schema_version": 0,
          "attributes": {
            "arn": "arn:aws:iam::435329769674:instance-profile/production-cw-agent-instance-profile",
            "create_date": "2025-06-28T21:19:09Z",
            "id": "production-cw-agent-instance-profile",
            "name": "production-cw-agent-instance-profile",
            "name_prefix": "",
            "path": "/",
            "role": "production-cw-agent-role",
            "tags": {},
            "tags_all": {},
            "unique_id": "AIPAWKW5NEDFBFR5JEPAR"
          },
          "sensitive_attributes": [],
          "private": "bnVsbA==",
          "dependencies": [
            "module.iam_roles.aws_iam_role.cw_agent_role",
            "module.iam_roles.data.aws_iam_policy_document.cw_agent_assume"
          ]
        }
      ]
    },
    {
      "module": "module.iam_roles",
      "mode": "managed",
      "type": "aws_iam_instance_profile",
      "name": "ec2_cloudwatch_metrics",
      "provider": "provider[\"registry.terraform.io/hashicorp/aws\"]",
      "instances": [
        {
          "schema_version": 0,
          "attributes": {
            "arn": "arn:aws:iam::435329769674:instance-profile/production-cw-agent-instance-profile-12fe52f7",
            "create_date": "2025-06-28T21:19:09Z",
            "id": "production-cw-agent-instance-profile-12fe52f7",
            "name": "production-cw-agent-instance-profile-12fe52f7",
            "name_prefix": "",
            "path": "/",
            "role": "production-cw-agent-role",
            "tags": {},
            "tags_all": {},
            "unique_id": "AIPAWKW5NEDFMTZEH3ZI6"
          },
          "sensitive_attributes": [],
          "private": "bnVsbA==",
          "dependencies": [
            "module.iam_roles.aws_iam_role.cw_agent_role",
            "module.iam_roles.data.aws_iam_policy_document.cw_agent_assume",
            "module.iam_roles.random_id.cw_agent_suffix"
          ]
        }
      ]
    },
    {
      "module": "module.iam_roles",
      "mode": "managed",
      "type": "aws_iam_instance_profile",
      "name": "ec2_instance_profile",
      "provider": "provider[\"registry.terraform.io/hashicorp/aws\"]",
      "instances": [
        {
          "schema_version": 0,
          "attributes": {
            "arn": "arn:aws:iam::435329769674:instance-profile/production-ec2-instance-profile",
            "create_date": "2025-06-28T21:19:09Z",
            "id": "production-ec2-instance-profile",
            "name": "production-ec2-instance-profile",
            "name_prefix": "",
            "path": "/",
            "role": "production-ec2-role",
            "tags": {},
            "tags_all": {},
            "unique_id": "AIPAWKW5NEDFMMOWPVYFH"
          },
          "sensitive_attributes": [],
          "private": "bnVsbA==",
          "dependencies": [
            "module.iam_roles.aws_iam_role.ec2_role",
            "module.iam_roles.data.aws_iam_policy_document.ec2_assume"
          ]
        }
      ]
    },
    {
      "module": "module.iam_roles",
      "mode": "managed",
      "type": "aws_iam_role",
      "name": "cloudtrail_logs_role",
      "provider": "provider[\"registry.terraform.io/hashicorp/aws\"]",
      "instances": [
        {
          "schema_version": 0,
          "attributes": {
            "arn": "arn:aws:iam::435329769674:role/production-cloudtrail-logs-role",
            "assume_role_policy": "{\"Statement\":[{\"Action\":\"sts:AssumeRole\",\"Effect\":\"Allow\",\"Principal\":{\"Service\":\"cloudtrail.amazonaws.com\"}}],\"Version\":\"2012-10-17\"}",
            "create_date": "2025-06-28T21:19:08Z",
            "description": "",
            "force_detach_policies": false,
            "id": "production-cloudtrail-logs-role",
            "inline_policy": [
              {
                "name": "production-cloudtrail-logs-policy",
                "policy": "{\"Version\":\"2012-10-17\",\"Statement\":[{\"Action\":[\"logs:PutLogEvents\",\"logs:DescribeLogStreams\",\"logs:DescribeLogGroups\",\"logs:CreateLogStream\",\"logs:CreateLogGroup\"],\"Effect\":\"Allow\",\"Resource\":\"*\"}]}"
              }
            ],
            "managed_policy_arns": [],
            "max_session_duration": 3600,
            "name": "production-cloudtrail-logs-role",
            "name_prefix": "",
            "path": "/",
            "permissions_boundary": "",
            "tags": {},
            "tags_all": {},
            "unique_id": "AROAWKW5NEDFNLVRJF4HX"
          },
          "sensitive_attributes": [],
          "private": "bnVsbA==",
          "dependencies": [
            "module.iam_roles.data.aws_iam_policy_document.cloudtrail_assume"
          ]
        }
      ]
    },
    {
      "module": "module.iam_roles",
      "mode": "managed",
      "type": "aws_iam_role",
      "name": "cw_agent_role",
      "provider": "provider[\"registry.terraform.io/hashicorp/aws\"]",
      "instances": [
        {
          "schema_version": 0,
          "attributes": {
            "arn": "arn:aws:iam::435329769674:role/production-cw-agent-role",
            "assume_role_policy": "{\"Statement\":[{\"Action\":\"sts:AssumeRole\",\"Effect\":\"Allow\",\"Principal\":{\"Service\":\"ec2.amazonaws.com\"}}],\"Version\":\"2012-10-17\"}",
            "create_date": "2025-06-28T21:19:08Z",
            "description": "",
            "force_detach_policies": false,
            "id": "production-cw-agent-role",
            "inline_policy": [],
            "managed_policy_arns": [],
            "max_session_duration": 3600,
            "name": "production-cw-agent-role",
            "name_prefix": "",
            "path": "/",
            "permissions_boundary": "",
            "tags": {},
            "tags_all": {},
            "unique_id": "AROAWKW5NEDFKET6R4DLG"
          },
          "sensitive_attributes": [],
          "private": "bnVsbA==",
          "dependencies": [
            "module.iam_roles.data.aws_iam_policy_document.cw_agent_assume"
          ]
        }
      ]
    },
    {
      "module": "module.iam_roles",
      "mode": "managed",
      "type": "aws_iam_role",
      "name": "ec2_role",
      "provider": "provider[\"registry.terraform.io/hashicorp/aws\"]",
      "instances": [
        {
          "schema_version": 0,
          "attributes": {
            "arn": "arn:aws:iam::435329769674:role/production-ec2-role",
            "assume_role_policy": "{\"Statement\":[{\"Action\":\"sts:AssumeRole\",\"Effect\":\"Allow\",\"Principal\":{\"Service\":\"ec2.amazonaws.com\"}}],\"Version\":\"2012-10-17\"}",
            "create_date": "2025-06-28T21:19:08Z",
            "description": "",
            "force_detach_policies": false,
            "id": "production-ec2-role",
            "inline_policy": [
              {
                "name": "production-cloudwatch-metrics",
                "policy": "{\"Version\":\"2012-10-17\",\"Statement\":[{\"Action\":[\"cloudwatch:ListMetrics\",\"cloudwatch:GetMetricStatistics\",\"cloudwatch:GetMetricData\"],\"Effect\":\"Allow\",\"Resource\":\"*\"}]}"
              }
            ],
            "managed_policy_arns": [
              "arn:aws:iam::aws:policy/AmazonSSMManagedInstanceCore",
              "arn:aws:iam::aws:policy/CloudWatchAgentServerPolicy"
            ],
            "max_session_duration": 3600,
            "name": "production-ec2-role",
            "name_prefix": "",
            "path": "/",
            "permissions_boundary": "",
            "tags": {},
            "tags_all": {},
            "unique_id": "AROAWKW5NEDFNXX2GIEII"
          },
          "sensitive_attributes": [],
          "private": "bnVsbA==",
          "dependencies": [
            "module.iam_roles.data.aws_iam_policy_document.ec2_assume"
          ]
        }
      ]
    },
    {
      "module": "module.iam_roles",
      "mode": "managed",
      "type": "aws_iam_role",
      "name": "rds_monitoring_role",
      "provider": "provider[\"registry.terraform.io/hashicorp/aws\"]",
      "instances": [
        {
          "schema_version": 0,
          "attributes": {
            "arn": "arn:aws:iam::435329769674:role/production-rds-monitoring-role",
            "assume_role_policy": "{\"Statement\":[{\"Action\":\"sts:AssumeRole\",\"Effect\":\"Allow\",\"Principal\":{\"Service\":\"monitoring.rds.amazonaws.com\"}}],\"Version\":\"2012-10-17\"}",
            "create_date": "2025-06-28T21:19:08Z",
            "description": "",
            "force_detach_policies": false,
            "id": "production-rds-monitoring-role",
            "inline_policy": [],
            "managed_policy_arns": [
              "arn:aws:iam::aws:policy/service-role/AmazonRDSEnhancedMonitoringRole"
            ],
            "max_session_duration": 3600,
            "name": "production-rds-monitoring-role",
            "name_prefix": "",
            "path": "/",
            "permissions_boundary": "",
            "tags": {},
            "tags_all": {},
            "unique_id": "AROAWKW5NEDFJN44JGK53"
          },
          "sensitive_attributes": [],
          "private": "bnVsbA==",
          "dependencies": [
            "module.iam_roles.data.aws_iam_policy_document.rds_assume"
          ]
        }
      ]
    },
    {
      "module": "module.iam_roles",
      "mode": "managed",
      "type": "aws_iam_role",
      "name": "waf_logging_role",
      "provider": "provider[\"registry.terraform.io/hashicorp/aws\"]",
      "instances": [
        {
          "schema_version": 0,
          "attributes": {
            "arn": "arn:aws:iam::435329769674:role/production-waf-logging-role",
            "assume_role_policy": "{\"Statement\":[{\"Action\":\"sts:AssumeRole\",\"Effect\":\"Allow\",\"Principal\":{\"Service\":\"waf.amazonaws.com\"}}],\"Version\":\"2012-10-17\"}",
            "create_date": "2025-06-28T21:19:08Z",
            "description": "",
            "force_detach_policies": false,
            "id": "production-waf-logging-role",
            "inline_policy": [
              {
                "name": "production-waf-logging-policy",
                "policy": "{\"Version\":\"2012-10-17\",\"Statement\":[{\"Action\":[\"logs:PutLogEvents\",\"logs:DescribeLogStreams\",\"logs:DescribeLogGroups\",\"logs:CreateLogStream\",\"logs:CreateLogGroup\"],\"Effect\":\"Allow\",\"Resource\":\"*\"}]}"
              }
            ],
            "managed_policy_arns": [],
            "max_session_duration": 3600,
            "name": "production-waf-logging-role",
            "name_prefix": "",
            "path": "/",
            "permissions_boundary": "",
            "tags": {},
            "tags_all": {},
            "unique_id": "AROAWKW5NEDFAQ5SLZIQV"
          },
          "sensitive_attributes": [],
          "private": "bnVsbA==",
          "dependencies": [
            "module.iam_roles.data.aws_iam_policy_document.waf_assume"
          ]
        }
      ]
    },
    {
      "module": "module.iam_roles",
      "mode": "managed",
      "type": "aws_iam_role_policy",
      "name": "cloudtrail_logs_policy",
      "provider": "provider[\"registry.terraform.io/hashicorp/aws\"]",
      "instances": [
        {
          "schema_version": 0,
          "attributes": {
            "id": "production-cloudtrail-logs-role:production-cloudtrail-logs-policy",
            "name": "production-cloudtrail-logs-policy",
            "name_prefix": "",
            "policy": "{\"Version\":\"2012-10-17\",\"Statement\":[{\"Action\":[\"logs:PutLogEvents\",\"logs:DescribeLogStreams\",\"logs:DescribeLogGroups\",\"logs:CreateLogStream\",\"logs:CreateLogGroup\"],\"Effect\":\"Allow\",\"Resource\":\"*\"}]}",
            "role": "production-cloudtrail-logs-role"
          },
          "sensitive_attributes": [],
          "private": "bnVsbA==",
          "dependencies": [
            "module.iam_roles.aws_iam_role.cloudtrail_logs_role",
            "module.iam_roles.data.aws_iam_policy_document.cloudtrail_assume",
            "module.iam_roles.data.aws_iam_policy_document.cloudtrail_logs"
          ]
        }
      ]
    },
    {
      "module": "module.iam_roles",
      "mode": "managed",
      "type": "aws_iam_role_policy",
      "name": "ec2_cloudwatch_metrics",
      "provider": "provider[\"registry.terraform.io/hashicorp/aws\"]",
      "instances": [
        {
          "schema_version": 0,
          "attributes": {
            "id": "production-ec2-role:production-cloudwatch-metrics",
            "name": "production-cloudwatch-metrics",
            "name_prefix": "",
            "policy": "{\"Version\":\"2012-10-17\",\"Statement\":[{\"Action\":[\"cloudwatch:ListMetrics\",\"cloudwatch:GetMetricStatistics\",\"cloudwatch:GetMetricData\"],\"Effect\":\"Allow\",\"Resource\":\"*\"}]}",
            "role": "production-ec2-role"
          },
          "sensitive_attributes": [],
          "private": "bnVsbA==",
          "dependencies": [
            "module.iam_roles.aws_iam_role.ec2_role",
            "module.iam_roles.data.aws_iam_policy_document.ec2_assume",
            "module.iam_roles.data.aws_iam_policy_document.ec2_cloudwatch_permissions"
          ]
        }
      ]
    },
    {
      "module": "module.iam_roles",
      "mode": "managed",
      "type": "aws_iam_role_policy",
      "name": "waf_logging_policy",
      "provider": "provider[\"registry.terraform.io/hashicorp/aws\"]",
      "instances": [
        {
          "schema_version": 0,
          "attributes": {
            "id": "production-waf-logging-role:production-waf-logging-policy",
            "name": "production-waf-logging-policy",
            "name_prefix": "",
            "policy": "{\"Version\":\"2012-10-17\",\"Statement\":[{\"Action\":[\"logs:PutLogEvents\",\"logs:DescribeLogStreams\",\"logs:DescribeLogGroups\",\"logs:CreateLogStream\",\"logs:CreateLogGroup\"],\"Effect\":\"Allow\",\"Resource\":\"*\"}]}",
            "role": "production-waf-logging-role"
          },
          "sensitive_attributes": [],
          "private": "bnVsbA==",
          "dependencies": [
            "module.iam_roles.aws_iam_role.waf_logging_role",
            "module.iam_roles.data.aws_iam_policy_document.waf_assume",
            "module.iam_roles.data.aws_iam_policy_document.waf_logging"
          ]
        }
      ]
    },
    {
      "module": "module.iam_roles",
      "mode": "managed",
      "type": "aws_iam_role_policy_attachment",
      "name": "ec2_cw_agent",
      "provider": "provider[\"registry.terraform.io/hashicorp/aws\"]",
      "instances": [
        {
          "schema_version": 0,
          "attributes": {
            "id": "production-ec2-role-20250628211907996500000003",
            "policy_arn": "arn:aws:iam::aws:policy/CloudWatchAgentServerPolicy",
            "role": "production-ec2-role"
          },
          "sensitive_attributes": [],
          "private": "bnVsbA==",
          "dependencies": [
            "module.iam_roles.aws_iam_role.ec2_role",
            "module.iam_roles.data.aws_iam_policy_document.ec2_assume"
          ]
        }
      ]
    },
    {
      "module": "module.iam_roles",
      "mode": "managed",
      "type": "aws_iam_role_policy_attachment",
      "name": "ec2_ssm",
      "provider": "provider[\"registry.terraform.io/hashicorp/aws\"]",
      "instances": [
        {
          "schema_version": 0,
          "attributes": {
            "id": "production-ec2-role-20250628211907672100000002",
            "policy_arn": "arn:aws:iam::aws:policy/AmazonSSMManagedInstanceCore",
            "role": "production-ec2-role"
          },
          "sensitive_attributes": [],
          "private": "bnVsbA==",
          "dependencies": [
            "module.iam_roles.aws_iam_role.ec2_role",
            "module.iam_roles.data.aws_iam_policy_document.ec2_assume"
          ]
        }
      ]
    },
    {
      "module": "module.iam_roles",
      "mode": "managed",
      "type": "aws_iam_role_policy_attachment",
      "name": "rds_monitoring",
      "provider": "provider[\"registry.terraform.io/hashicorp/aws\"]",
      "instances": [
        {
          "schema_version": 0,
          "attributes": {
            "id": "production-rds-monitoring-role-20250628211907381500000001",
            "policy_arn": "arn:aws:iam::aws:policy/service-role/AmazonRDSEnhancedMonitoringRole",
            "role": "production-rds-monitoring-role"
          },
          "sensitive_attributes": [],
          "private": "bnVsbA==",
          "dependencies": [
            "module.iam_roles.aws_iam_role.rds_monitoring_role",
            "module.iam_roles.data.aws_iam_policy_document.rds_assume"
          ]
        }
      ]
    },
    {
      "module": "module.iam_roles",
      "mode": "managed",
      "type": "random_id",
      "name": "cw_agent_suffix",
      "provider": "provider[\"registry.terraform.io/hashicorp/random\"]",
      "instances": [
        {
          "schema_version": 0,
          "attributes": {
            "b64_std": "Ev5S9w==",
            "b64_url": "Ev5S9w",
            "byte_length": 4,
            "dec": "318657271",
            "hex": "12fe52f7",
            "id": "Ev5S9w",
            "keepers": null,
            "prefix": null
          },
          "sensitive_attributes": []
        }
      ]
    },
    {
      "module": "module.kms",
      "mode": "data",
      "type": "aws_caller_identity",
      "name": "current",
      "provider": "provider[\"registry.terraform.io/hashicorp/aws\"]",
      "instances": [
        {
          "schema_version": 0,
          "attributes": {
            "account_id": "435329769674",
            "arn": "arn:aws:iam::435329769674:user/refonte",
            "id": "435329769674",
            "user_id": "AIDAWKW5NEDFE3KXU5HKH"
          },
          "sensitive_attributes": []
        }
      ]
    },
    {
      "module": "module.kms",
      "mode": "managed",
      "type": "aws_kms_key",
      "name": "rds",
      "provider": "provider[\"registry.terraform.io/hashicorp/aws\"]",
      "instances": [
        {
          "schema_version": 0,
          "attributes": {
            "arn": "arn:aws:kms:us-east-1:435329769674:key/5623663c-dfcf-41ed-b074-d2dff0040788",
            "bypass_policy_lockout_safety_check": false,
            "custom_key_store_id": "",
            "customer_master_key_spec": "SYMMETRIC_DEFAULT",
            "deletion_window_in_days": 20,
            "description": "KMS key for RDS MySQL encryption",
            "enable_key_rotation": true,
            "id": "5623663c-dfcf-41ed-b074-d2dff0040788",
            "is_enabled": true,
            "key_id": "5623663c-dfcf-41ed-b074-d2dff0040788",
            "key_usage": "ENCRYPT_DECRYPT",
            "multi_region": false,
            "policy": "{\"Statement\":[{\"Action\":\"kms:*\",\"Effect\":\"Allow\",\"Principal\":{\"AWS\":\"arn:aws:iam::435329769674:root\"},\"Resource\":\"*\",\"Sid\":\"Enable IAM Root Access\"},{\"Action\":[\"kms:Encrypt\",\"kms:Decrypt\",\"kms:GenerateDataKey*\",\"kms:DescribeKey\"],\"Effect\":\"Allow\",\"Principal\":{\"Service\":\"rds.amazonaws.com\"},\"Resource\":\"*\",\"Sid\":\"Allow RDS\"}],\"Version\":\"2012-10-17\"}",
            "rotation_period_in_days": 365,
            "tags": {},
            "tags_all": {},
            "timeouts": null,
            "xks_key_id": ""
          },
          "sensitive_attributes": [],
          "private": "eyJlMmJmYjczMC1lY2FhLTExZTYtOGY4OC0zNDM2M2JjN2M0YzAiOnsiY3JlYXRlIjoxMjAwMDAwMDAwMDB9fQ=="
        }
      ]
    },
    {
      "module": "module.kms",
      "mode": "managed",
      "type": "aws_kms_key",
      "name": "s3",
      "provider": "provider[\"registry.terraform.io/hashicorp/aws\"]",
      "instances": [
        {
          "schema_version": 0,
          "attributes": {
            "arn": "arn:aws:kms:us-east-1:435329769674:key/13b78f33-5dcc-400d-8872-8ca543aeed0d",
            "bypass_policy_lockout_safety_check": false,
            "custom_key_store_id": "",
            "customer_master_key_spec": "SYMMETRIC_DEFAULT",
            "deletion_window_in_days": 20,
            "description": "KMS key for S3 encryption (e.g., CloudTrail logs)",
            "enable_key_rotation": true,
            "id": "13b78f33-5dcc-400d-8872-8ca543aeed0d",
            "is_enabled": true,
            "key_id": "13b78f33-5dcc-400d-8872-8ca543aeed0d",
            "key_usage": "ENCRYPT_DECRYPT",
            "multi_region": false,
            "policy": "{\"Statement\":[{\"Action\":\"kms:*\",\"Effect\":\"Allow\",\"Principal\":{\"AWS\":\"arn:aws:iam::435329769674:root\"},\"Resource\":\"*\",\"Sid\":\"Enable IAM Root Access\"},{\"Action\":[\"kms:Encrypt\",\"kms:Decrypt\",\"kms:GenerateDataKey*\",\"kms:DescribeKey\"],\"Effect\":\"Allow\",\"Principal\":{\"Service\":\"s3.amazonaws.com\"},\"Resource\":\"*\",\"Sid\":\"Allow S3 Service\"}],\"Version\":\"2012-10-17\"}",
            "rotation_period_in_days": 365,
            "tags": {},
            "tags_all": {},
            "timeouts": null,
            "xks_key_id": ""
          },
          "sensitive_attributes": [],
          "private": "eyJlMmJmYjczMC1lY2FhLTExZTYtOGY4OC0zNDM2M2JjN2M0YzAiOnsiY3JlYXRlIjoxMjAwMDAwMDAwMDB9fQ=="
        }
      ]
    },
    {
      "module": "module.kms",
      "mode": "managed",
      "type": "aws_kms_key",
      "name": "secrets_manager",
      "provider": "provider[\"registry.terraform.io/hashicorp/aws\"]",
      "instances": [
        {
          "schema_version": 0,
          "attributes": {
            "arn": "arn:aws:kms:us-east-1:435329769674:key/63ca5604-f707-4367-9a19-f8efcb7881fa",
            "bypass_policy_lockout_safety_check": false,
            "custom_key_store_id": "",
            "customer_master_key_spec": "SYMMETRIC_DEFAULT",
            "deletion_window_in_days": 20,
            "description": "KMS key for Secrets Manager encryption",
            "enable_key_rotation": true,
            "id": "63ca5604-f707-4367-9a19-f8efcb7881fa",
            "is_enabled": true,
            "key_id": "63ca5604-f707-4367-9a19-f8efcb7881fa",
            "key_usage": "ENCRYPT_DECRYPT",
            "multi_region": false,
            "policy": "{\"Statement\":[{\"Action\":\"kms:*\",\"Effect\":\"Allow\",\"Principal\":{\"AWS\":\"arn:aws:iam::435329769674:root\"},\"Resource\":\"*\",\"Sid\":\"Enable IAM Root Access\"},{\"Action\":[\"kms:Encrypt\",\"kms:Decrypt\",\"kms:GenerateDataKey*\",\"kms:DescribeKey\"],\"Effect\":\"Allow\",\"Principal\":{\"Service\":\"secretsmanager.amazonaws.com\"},\"Resource\":\"*\",\"Sid\":\"Allow Secrets Manager\"}],\"Version\":\"2012-10-17\"}",
            "rotation_period_in_days": 365,
            "tags": {},
            "tags_all": {},
            "timeouts": null,
            "xks_key_id": ""
          },
          "sensitive_attributes": [],
          "private": "eyJlMmJmYjczMC1lY2FhLTExZTYtOGY4OC0zNDM2M2JjN2M0YzAiOnsiY3JlYXRlIjoxMjAwMDAwMDAwMDB9fQ=="
        }
      ]
    },
    {
      "module": "module.kms",
      "mode": "managed",
      "type": "aws_kms_key_policy",
      "name": "rds_policy",
      "provider": "provider[\"registry.terraform.io/hashicorp/aws\"]",
      "instances": [
        {
          "schema_version": 0,
          "attributes": {
            "bypass_policy_lockout_safety_check": false,
            "id": "5623663c-dfcf-41ed-b074-d2dff0040788",
            "key_id": "5623663c-dfcf-41ed-b074-d2dff0040788",
            "policy": "{\"Statement\":[{\"Action\":\"kms:*\",\"Effect\":\"Allow\",\"Principal\":{\"AWS\":\"arn:aws:iam::435329769674:root\"},\"Resource\":\"*\",\"Sid\":\"Enable IAM Root Access\"},{\"Action\":[\"kms:Encrypt\",\"kms:Decrypt\",\"kms:GenerateDataKey*\",\"kms:DescribeKey\"],\"Effect\":\"Allow\",\"Principal\":{\"Service\":\"rds.amazonaws.com\"},\"Resource\":\"*\",\"Sid\":\"Allow RDS\"}],\"Version\":\"2012-10-17\"}"
          },
          "sensitive_attributes": [],
          "private": "bnVsbA==",
          "dependencies": [
            "module.kms.aws_kms_key.rds",
            "module.kms.data.aws_caller_identity.current"
          ]
        }
      ]
    },
    {
      "module": "module.kms",
      "mode": "managed",
      "type": "aws_kms_key_policy",
      "name": "s3_policy",
      "provider": "provider[\"registry.terraform.io/hashicorp/aws\"]",
      "instances": [
        {
          "schema_version": 0,
          "attributes": {
            "bypass_policy_lockout_safety_check": false,
            "id": "13b78f33-5dcc-400d-8872-8ca543aeed0d",
            "key_id": "13b78f33-5dcc-400d-8872-8ca543aeed0d",
            "policy": "{\"Statement\":[{\"Action\":\"kms:*\",\"Effect\":\"Allow\",\"Principal\":{\"AWS\":\"arn:aws:iam::435329769674:root\"},\"Resource\":\"*\",\"Sid\":\"Enable IAM Root Access\"},{\"Action\":[\"kms:Encrypt\",\"kms:Decrypt\",\"kms:GenerateDataKey*\",\"kms:DescribeKey\"],\"Effect\":\"Allow\",\"Principal\":{\"Service\":\"s3.amazonaws.com\"},\"Resource\":\"*\",\"Sid\":\"Allow S3 Service\"}],\"Version\":\"2012-10-17\"}"
          },
          "sensitive_attributes": [],
          "private": "bnVsbA==",
          "dependencies": [
            "module.kms.aws_kms_key.s3",
            "module.kms.data.aws_caller_identity.current"
          ]
        }
      ]
    },
    {
      "module": "module.kms",
      "mode": "managed",
      "type": "aws_kms_key_policy",
      "name": "secrets_manager_policy",
      "provider": "provider[\"registry.terraform.io/hashicorp/aws\"]",
      "instances": [
        {
          "schema_version": 0,
          "attributes": {
            "bypass_policy_lockout_safety_check": false,
            "id": "63ca5604-f707-4367-9a19-f8efcb7881fa",
            "key_id": "63ca5604-f707-4367-9a19-f8efcb7881fa",
            "policy": "{\"Statement\":[{\"Action\":\"kms:*\",\"Effect\":\"Allow\",\"Principal\":{\"AWS\":\"arn:aws:iam::435329769674:root\"},\"Resource\":\"*\",\"Sid\":\"Enable IAM Root Access\"},{\"Action\":[\"kms:Encrypt\",\"kms:Decrypt\",\"kms:GenerateDataKey*\",\"kms:DescribeKey\"],\"Effect\":\"Allow\",\"Principal\":{\"Service\":\"secretsmanager.amazonaws.com\"},\"Resource\":\"*\",\"Sid\":\"Allow Secrets Manager\"}],\"Version\":\"2012-10-17\"}"
          },
          "sensitive_attributes": [],
          "private": "bnVsbA==",
          "dependencies": [
            "module.kms.aws_kms_key.secrets_manager",
            "module.kms.data.aws_caller_identity.current"
          ]
        }
      ]
    },
    {
      "module": "module.logs_bucket",
      "mode": "data",
      "type": "aws_caller_identity",
      "name": "current",
      "provider": "provider[\"registry.terraform.io/hashicorp/aws\"]",
      "instances": [
        {
          "schema_version": 0,
          "attributes": {
            "account_id": "435329769674",
            "arn": "arn:aws:iam::435329769674:user/refonte",
            "id": "435329769674",
            "user_id": "AIDAWKW5NEDFE3KXU5HKH"
          },
          "sensitive_attributes": []
        }
      ]
    },
    {
      "module": "module.logs_bucket",
      "mode": "managed",
      "type": "aws_s3_bucket",
      "name": "logs",
      "provider": "provider[\"registry.terraform.io/hashicorp/aws\"]",
      "instances": [
        {
          "schema_version": 0,
          "attributes": {
            "acceleration_status": "",
            "acl": null,
            "arn": "arn:aws:s3:::refonte-aws-logs-bucket-production",
            "bucket": "refonte-aws-logs-bucket-production",
            "bucket_domain_name": "refonte-aws-logs-bucket-production.s3.amazonaws.com",
            "bucket_prefix": "",
            "bucket_regional_domain_name": "refonte-aws-logs-bucket-production.s3.us-east-1.amazonaws.com",
            "cors_rule": [],
            "force_destroy": true,
            "grant": [
              {
                "id": "690ed7efb8673d1c4a0c970302fde070e38aedf9de36c084a3d7403acfa3e61c",
                "permissions": [
                  "FULL_CONTROL"
                ],
                "type": "CanonicalUser",
                "uri": ""
              }
            ],
            "hosted_zone_id": "Z3AQBSTGFYJSTF",
            "id": "refonte-aws-logs-bucket-production",
            "lifecycle_rule": [],
            "logging": [],
            "object_lock_configuration": [],
            "object_lock_enabled": false,
            "policy": "{\"Statement\":[{\"Action\":\"s3:GetBucketAcl\",\"Effect\":\"Allow\",\"Principal\":{\"Service\":\"cloudtrail.amazonaws.com\"},\"Resource\":\"arn:aws:s3:::refonte-aws-logs-bucket-production\",\"Sid\":\"AWSCloudTrailAclCheck\"},{\"Action\":\"s3:PutObject\",\"Condition\":{\"StringEquals\":{\"s3:x-amz-acl\":\"bucket-owner-full-control\"}},\"Effect\":\"Allow\",\"Principal\":{\"Service\":\"cloudtrail.amazonaws.com\"},\"Resource\":\"arn:aws:s3:::refonte-aws-logs-bucket-production/AWSLogs/435329769674/*\",\"Sid\":\"AWSCloudTrailWrite\"}],\"Version\":\"2012-10-17\"}",
            "region": "us-east-1",
            "replication_configuration": [],
            "request_payer": "BucketOwner",
            "server_side_encryption_configuration": [
              {
                "rule": [
                  {
                    "apply_server_side_encryption_by_default": [
                      {
                        "kms_master_key_id": "",
                        "sse_algorithm": "AES256"
                      }
                    ],
                    "bucket_key_enabled": false
                  }
                ]
              }
            ],
            "tags": {
              "Environment": "Production",
              "Owner": "Ernestine D Motouom",
              "Project": "refonte_class"
            },
            "tags_all": {
              "Environment": "Production",
              "Owner": "Ernestine D Motouom",
              "Project": "refonte_class"
            },
            "timeouts": null,
            "versioning": [
              {
                "enabled": false,
                "mfa_delete": false
              }
            ],
            "website": [],
            "website_domain": null,
            "website_endpoint": null
          },
          "sensitive_attributes": [],
          "private": "eyJlMmJmYjczMC1lY2FhLTExZTYtOGY4OC0zNDM2M2JjN2M0YzAiOnsiY3JlYXRlIjoxMjAwMDAwMDAwMDAwLCJkZWxldGUiOjM2MDAwMDAwMDAwMDAsInJlYWQiOjEyMDAwMDAwMDAwMDAsInVwZGF0ZSI6MTIwMDAwMDAwMDAwMH19"
        }
      ]
    },
    {
      "module": "module.logs_bucket",
      "mode": "managed",
      "type": "aws_s3_bucket_policy",
      "name": "cloudtrail_logs",
      "provider": "provider[\"registry.terraform.io/hashicorp/aws\"]",
      "instances": [
        {
          "schema_version": 0,
          "attributes": {
            "bucket": "refonte-aws-logs-bucket-production",
            "id": "refonte-aws-logs-bucket-production",
            "policy": "{\"Statement\":[{\"Action\":\"s3:GetBucketAcl\",\"Effect\":\"Allow\",\"Principal\":{\"Service\":\"cloudtrail.amazonaws.com\"},\"Resource\":\"arn:aws:s3:::refonte-aws-logs-bucket-production\",\"Sid\":\"AWSCloudTrailAclCheck\"},{\"Action\":\"s3:PutObject\",\"Condition\":{\"StringEquals\":{\"s3:x-amz-acl\":\"bucket-owner-full-control\"}},\"Effect\":\"Allow\",\"Principal\":{\"Service\":\"cloudtrail.amazonaws.com\"},\"Resource\":\"arn:aws:s3:::refonte-aws-logs-bucket-production/AWSLogs/435329769674/*\",\"Sid\":\"AWSCloudTrailWrite\"}],\"Version\":\"2012-10-17\"}"
          },
          "sensitive_attributes": [],
          "private": "bnVsbA==",
          "dependencies": [
            "module.logs_bucket.aws_s3_bucket.logs",
            "module.logs_bucket.data.aws_caller_identity.current"
          ]
        }
      ]
    },
    {
      "module": "module.nginx_frontend",
      "mode": "data",
      "type": "aws_ami",
      "name": "ubuntu",
      "provider": "provider[\"registry.terraform.io/hashicorp/aws\"]",
      "instances": [
        {
          "schema_version": 0,
          "attributes": {
            "architecture": "x86_64",
            "arn": "arn:aws:ec2:us-east-1::image/ami-034568121cfdea9c3",
            "block_device_mappings": [
              {
                "device_name": "/dev/sda1",
                "ebs": {
                  "delete_on_termination": "true",
                  "encrypted": "false",
                  "iops": "0",
                  "snapshot_id": "snap-03cd7545253739e71",
                  "throughput": "0",
                  "volume_initialization_rate": "0",
                  "volume_size": "8",
                  "volume_type": "gp3"
                },
                "no_device": "",
                "virtual_name": ""
              },
              {
                "device_name": "/dev/sdb",
                "ebs": {},
                "no_device": "",
                "virtual_name": "ephemeral0"
              },
              {
                "device_name": "/dev/sdc",
                "ebs": {},
                "no_device": "",
                "virtual_name": "ephemeral1"
              }
            ],
            "boot_mode": "uefi-preferred",
            "creation_date": "2025-06-27T10:41:23.000Z",
            "deprecation_time": "2027-06-27T10:41:23.000Z",
            "description": "Canonical, Ubuntu, 24.04, amd64 noble image",
            "ena_support": true,
            "executable_users": null,
            "filter": [
              {
                "name": "image-id",
                "values": [
                  "ami-034568121cfdea9c3"
                ]
              }
            ],
            "hypervisor": "xen",
            "id": "ami-034568121cfdea9c3",
            "image_id": "ami-034568121cfdea9c3",
            "image_location": "amazon/ubuntu/images/hvm-ssd-gp3/ubuntu-noble-24.04-amd64-server-20250627",
            "image_owner_alias": "amazon",
            "image_type": "machine",
            "imds_support": "v2.0",
            "include_deprecated": false,
            "kernel_id": "",
            "last_launched_time": "",
            "most_recent": true,
            "name": "ubuntu/images/hvm-ssd-gp3/ubuntu-noble-24.04-amd64-server-20250627",
            "name_regex": null,
            "owner_id": "099720109477",
            "owners": [
              "099720109477"
            ],
            "platform": "",
            "platform_details": "Linux/UNIX",
            "product_codes": [],
            "public": true,
            "ramdisk_id": "",
            "root_device_name": "/dev/sda1",
            "root_device_type": "ebs",
            "root_snapshot_id": "snap-03cd7545253739e71",
            "sriov_net_support": "simple",
            "state": "available",
            "state_reason": {
              "code": "UNSET",
              "message": "UNSET"
            },
            "tags": {},
            "timeouts": null,
            "tpm_support": "",
            "uefi_data": null,
            "usage_operation": "RunInstances",
            "virtualization_type": "hvm"
          },
          "sensitive_attributes": [
            [
              {
                "type": "get_attr",
                "value": "filter"
              }
            ]
          ]
        }
      ]
    },
    {
      "module": "module.nginx_frontend",
      "mode": "data",
      "type": "aws_ssm_parameter",
      "name": "ubuntu_ami",
      "provider": "provider[\"registry.terraform.io/hashicorp/aws\"]",
      "instances": [
        {
          "schema_version": 0,
          "attributes": {
            "arn": "arn:aws:ssm:us-east-1::parameter/aws/service/canonical/ubuntu/server/24.04/stable/current/amd64/hvm/ebs-gp3/ami-id",
            "id": "/aws/service/canonical/ubuntu/server/24.04/stable/current/amd64/hvm/ebs-gp3/ami-id",
            "insecure_value": "ami-034568121cfdea9c3",
            "name": "/aws/service/canonical/ubuntu/server/24.04/stable/current/amd64/hvm/ebs-gp3/ami-id",
            "type": "String",
            "value": "ami-034568121cfdea9c3",
            "version": 47,
            "with_decryption": true
          },
          "sensitive_attributes": [
            [
              {
                "type": "get_attr",
                "value": "value"
              }
            ]
          ]
        }
      ]
    },
    {
      "module": "module.nginx_frontend",
      "mode": "managed",
      "type": "aws_autoscaling_group",
      "name": "nginx_asg",
      "provider": "provider[\"registry.terraform.io/hashicorp/aws\"]",
      "instances": [
        {
          "schema_version": 1,
          "attributes": {
            "arn": "arn:aws:autoscaling:us-east-1:435329769674:autoScalingGroup:ef7fdc3d-aed2-4838-a96f-bd7630ad13dc:autoScalingGroupName/terraform-2025062821340292610000000e",
            "availability_zone_distribution": [
              {
                "capacity_distribution_strategy": "balanced-best-effort"
              }
            ],
            "availability_zones": [
              "us-east-1a",
              "us-east-1b"
            ],
            "capacity_rebalance": false,
            "capacity_reservation_specification": [
              {
                "capacity_reservation_preference": "default",
                "capacity_reservation_target": []
              }
            ],
            "context": "",
            "default_cooldown": 300,
            "default_instance_warmup": 0,
            "desired_capacity": 2,
            "desired_capacity_type": "",
            "enabled_metrics": [],
            "force_delete": false,
            "force_delete_warm_pool": false,
            "health_check_grace_period": 300,
            "health_check_type": "EC2",
            "id": "terraform-2025062821340292610000000e",
            "ignore_failed_scaling_activities": false,
            "initial_lifecycle_hook": [],
            "instance_maintenance_policy": [],
            "instance_refresh": [],
            "launch_configuration": "",
            "launch_template": [
              {
                "id": "lt-0a43956716cc83ec5",
                "name": "production-nginx-2025062821335663000000000b",
                "version": "$Latest"
              }
            ],
            "load_balancers": [],
            "max_instance_lifetime": 0,
            "max_size": 3,
            "metrics_granularity": "1Minute",
            "min_elb_capacity": null,
            "min_size": 1,
            "mixed_instances_policy": [],
            "name": "terraform-2025062821340292610000000e",
            "name_prefix": "terraform-",
            "placement_group": "",
            "predicted_capacity": 0,
            "protect_from_scale_in": false,
            "service_linked_role_arn": "arn:aws:iam::435329769674:role/aws-service-role/autoscaling.amazonaws.com/AWSServiceRoleForAutoScaling",
            "suspended_processes": [],
            "tag": [
              {
                "key": "Name",
                "propagate_at_launch": true,
                "value": "production-nginx-asg"
              }
            ],
            "target_group_arns": [
              "arn:aws:elasticloadbalancing:us-east-1:435329769674:targetgroup/production-nginx-tg/4a80c5b7536bdd46"
            ],
            "termination_policies": [],
            "timeouts": null,
            "traffic_source": [
              {
                "identifier": "arn:aws:elasticloadbalancing:us-east-1:435329769674:targetgroup/production-nginx-tg/4a80c5b7536bdd46",
                "type": "elbv2"
              }
            ],
            "vpc_zone_identifier": [
              "subnet-0248b2079474efd00",
              "subnet-05956316d20c30c11"
            ],
            "wait_for_capacity_timeout": "10m",
            "wait_for_elb_capacity": null,
            "warm_pool": [],
            "warm_pool_size": 0
          },
          "sensitive_attributes": [],
          "private": "eyJlMmJmYjczMC1lY2FhLTExZTYtOGY4OC0zNDM2M2JjN2M0YzAiOnsiZGVsZXRlIjo2MDAwMDAwMDAwMDAsInVwZGF0ZSI6NjAwMDAwMDAwMDAwfSwic2NoZW1hX3ZlcnNpb24iOiIxIn0=",
          "dependencies": [
            "aws_security_group.bastion_sg",
            "aws_security_group.elb_sg",
            "aws_security_group.nginx_sg",
            "aws_security_group.rds_sg",
            "aws_subnet.private_subnets",
            "aws_subnet.public_subnets",
            "aws_vpc.main",
            "data.aws_availability_zones.available",
            "module.iam_roles.aws_iam_instance_profile.ec2_instance_profile",
            "module.iam_roles.aws_iam_role.ec2_role",
            "module.iam_roles.aws_iam_role.rds_monitoring_role",
            "module.iam_roles.data.aws_iam_policy_document.ec2_assume",
            "module.iam_roles.data.aws_iam_policy_document.rds_assume",
            "module.kms.aws_kms_key.rds",
            "module.kms.aws_kms_key.s3",
            "module.kms.aws_kms_key.secrets_manager",
            "module.kms.aws_kms_key_policy.rds_policy",
            "module.kms.aws_kms_key_policy.s3_policy",
            "module.kms.aws_kms_key_policy.secrets_manager_policy",
            "module.kms.data.aws_caller_identity.current",
            "module.nginx_frontend.aws_launch_template.nginx",
            "module.nginx_frontend.aws_lb_target_group.nginx_tg",
            "module.nginx_frontend.data.aws_ami.ubuntu",
            "module.nginx_frontend.data.aws_ssm_parameter.ubuntu_ami",
            "module.rds_mysql.aws_db_instance.rds_instance",
            "module.rds_mysql.aws_db_subnet_group.rds_subnet_group",
            "module.secrets_manager.aws_secretsmanager_secret.db_secret",
            "module.secrets_manager.aws_secretsmanager_secret_version.db_secret_version",
            "module.secrets_manager.data.aws_secretsmanager_secret_version.retrieved",
            "module.secrets_manager.random_password.password"
          ]
        }
      ]
    },
    {
      "module": "module.nginx_frontend",
      "mode": "managed",
      "type": "aws_launch_template",
      "name": "nginx",
      "provider": "provider[\"registry.terraform.io/hashicorp/aws\"]",
      "instances": [
        {
          "schema_version": 0,
          "attributes": {
            "arn": "arn:aws:ec2:us-east-1:435329769674:launch-template/lt-0a43956716cc83ec5",
            "block_device_mappings": [],
            "capacity_reservation_specification": [],
            "cpu_options": [],
            "credit_specification": [],
            "default_version": 1,
            "description": "",
            "disable_api_stop": false,
            "disable_api_termination": false,
            "ebs_optimized": "",
            "elastic_gpu_specifications": [],
            "elastic_inference_accelerator": [],
            "enclave_options": [],
            "hibernation_options": [],
            "iam_instance_profile": [
              {
                "arn": "",
                "name": "production-ec2-instance-profile"
              }
            ],
            "id": "lt-0a43956716cc83ec5",
            "image_id": "ami-034568121cfdea9c3",
            "instance_initiated_shutdown_behavior": "",
            "instance_market_options": [],
            "instance_requirements": [],
            "instance_type": "t2.micro",
            "kernel_id": "",
            "key_name": "virg.keypair",
            "latest_version": 1,
            "license_specification": [],
            "maintenance_options": [],
            "metadata_options": [],
            "monitoring": [],
            "name": "production-nginx-2025062821335663000000000b",
            "name_prefix": "production-nginx-",
            "network_interfaces": [],
            "placement": [],
            "private_dns_name_options": [],
            "ram_disk_id": "",
            "security_group_names": [],
            "tag_specifications": [],
            "tags": {},
            "tags_all": {},
            "update_default_version": null,
            "user_data": "IyEvYmluL2Jhc2gNCmNkIC90bXANCndnZXQgaHR0cHM6Ly9zMy5hbWF6b25hd3MuY29tL2FtYXpvbmNsb3Vkd2F0Y2gtYWdlbnQvdWJ1bnR1L2FtZDY0L2xhdGVzdC9hbWF6b24tY2xvdWR3YXRjaC1hZ2VudC5kZWINCmRwa2cgLWkgLUUgLi9hbWF6b24tY2xvdWR3YXRjaC1hZ2VudC5kZWINCg==",
            "vpc_security_group_ids": [
              "sg-045f62c442a5c5178"
            ]
          },
          "sensitive_attributes": [],
          "private": "bnVsbA==",
          "dependencies": [
            "aws_security_group.bastion_sg",
            "aws_security_group.elb_sg",
            "aws_security_group.nginx_sg",
            "aws_security_group.rds_sg",
            "aws_subnet.private_subnets",
            "aws_subnet.public_subnets",
            "aws_vpc.main",
            "data.aws_availability_zones.available",
            "module.iam_roles.aws_iam_instance_profile.ec2_instance_profile",
            "module.iam_roles.aws_iam_role.ec2_role",
            "module.iam_roles.aws_iam_role.rds_monitoring_role",
            "module.iam_roles.data.aws_iam_policy_document.ec2_assume",
            "module.iam_roles.data.aws_iam_policy_document.rds_assume",
            "module.kms.aws_kms_key.rds",
            "module.kms.aws_kms_key.s3",
            "module.kms.aws_kms_key.secrets_manager",
            "module.kms.aws_kms_key_policy.rds_policy",
            "module.kms.aws_kms_key_policy.s3_policy",
            "module.kms.aws_kms_key_policy.secrets_manager_policy",
            "module.kms.data.aws_caller_identity.current",
            "module.nginx_frontend.data.aws_ami.ubuntu",
            "module.nginx_frontend.data.aws_ssm_parameter.ubuntu_ami",
            "module.rds_mysql.aws_db_instance.rds_instance",
            "module.rds_mysql.aws_db_subnet_group.rds_subnet_group",
            "module.secrets_manager.aws_secretsmanager_secret.db_secret",
            "module.secrets_manager.aws_secretsmanager_secret_version.db_secret_version",
            "module.secrets_manager.data.aws_secretsmanager_secret_version.retrieved",
            "module.secrets_manager.random_password.password"
          ]
        }
      ]
    },
    {
      "module": "module.nginx_frontend",
      "mode": "managed",
      "type": "aws_lb",
      "name": "nginx_alb",
      "provider": "provider[\"registry.terraform.io/hashicorp/aws\"]",
      "instances": [
        {
          "schema_version": 0,
          "attributes": {
            "access_logs": [
              {
                "bucket": "",
                "enabled": false,
                "prefix": ""
              }
            ],
            "arn": "arn:aws:elasticloadbalancing:us-east-1:435329769674:loadbalancer/app/production-nginx-alb/fdc43eb9cad6c0e3",
            "arn_suffix": "app/production-nginx-alb/fdc43eb9cad6c0e3",
            "client_keep_alive": 3600,
            "connection_logs": [
              {
                "bucket": "",
                "enabled": false,
                "prefix": ""
              }
            ],
            "customer_owned_ipv4_pool": "",
            "desync_mitigation_mode": "defensive",
            "dns_name": "production-nginx-alb-1133731885.us-east-1.elb.amazonaws.com",
            "dns_record_client_routing_policy": null,
            "drop_invalid_header_fields": false,
            "enable_cross_zone_load_balancing": true,
            "enable_deletion_protection": false,
            "enable_http2": true,
            "enable_tls_version_and_cipher_suite_headers": false,
            "enable_waf_fail_open": false,
            "enable_xff_client_port": false,
            "enable_zonal_shift": false,
            "enforce_security_group_inbound_rules_on_private_link_traffic": "",
            "id": "arn:aws:elasticloadbalancing:us-east-1:435329769674:loadbalancer/app/production-nginx-alb/fdc43eb9cad6c0e3",
            "idle_timeout": 60,
            "internal": false,
            "ip_address_type": "ipv4",
            "ipam_pools": [],
            "load_balancer_type": "application",
            "minimum_load_balancer_capacity": [],
            "name": "production-nginx-alb",
            "name_prefix": "",
            "preserve_host_header": false,
            "security_groups": [
              "sg-094481263eeb15040"
            ],
            "subnet_mapping": [
              {
                "allocation_id": "",
                "ipv6_address": "",
                "outpost_id": "",
                "private_ipv4_address": "",
                "subnet_id": "subnet-0248b2079474efd00"
              },
              {
                "allocation_id": "",
                "ipv6_address": "",
                "outpost_id": "",
                "private_ipv4_address": "",
                "subnet_id": "subnet-05956316d20c30c11"
              }
            ],
            "subnets": [
              "subnet-0248b2079474efd00",
              "subnet-05956316d20c30c11"
            ],
            "tags": {
              "Name": "production-nginx-alb"
            },
            "tags_all": {
              "Name": "production-nginx-alb"
            },
            "timeouts": null,
            "vpc_id": "vpc-0dc00983d8eea9b6d",
            "xff_header_processing_mode": "append",
            "zone_id": "Z35SXDOTRQ7X7K"
          },
          "sensitive_attributes": [],
          "private": "eyJlMmJmYjczMC1lY2FhLTExZTYtOGY4OC0zNDM2M2JjN2M0YzAiOnsiY3JlYXRlIjo2MDAwMDAwMDAwMDAsImRlbGV0ZSI6NjAwMDAwMDAwMDAwLCJ1cGRhdGUiOjYwMDAwMDAwMDAwMH19",
          "dependencies": [
            "aws_security_group.bastion_sg",
            "aws_security_group.elb_sg",
            "aws_security_group.nginx_sg",
            "aws_security_group.rds_sg",
            "aws_subnet.private_subnets",
            "aws_subnet.public_subnets",
            "aws_vpc.main",
            "data.aws_availability_zones.available",
            "module.iam_roles.aws_iam_role.rds_monitoring_role",
            "module.iam_roles.data.aws_iam_policy_document.rds_assume",
            "module.kms.aws_kms_key.rds",
            "module.kms.aws_kms_key.s3",
            "module.kms.aws_kms_key.secrets_manager",
            "module.kms.aws_kms_key_policy.rds_policy",
            "module.kms.aws_kms_key_policy.s3_policy",
            "module.kms.aws_kms_key_policy.secrets_manager_policy",
            "module.kms.data.aws_caller_identity.current",
            "module.rds_mysql.aws_db_instance.rds_instance",
            "module.rds_mysql.aws_db_subnet_group.rds_subnet_group",
            "module.secrets_manager.aws_secretsmanager_secret.db_secret",
            "module.secrets_manager.aws_secretsmanager_secret_version.db_secret_version",
            "module.secrets_manager.data.aws_secretsmanager_secret_version.retrieved",
            "module.secrets_manager.random_password.password"
          ]
        }
      ]
    },
    {
      "module": "module.nginx_frontend",
      "mode": "managed",
      "type": "aws_lb_target_group",
      "name": "nginx_tg",
      "provider": "provider[\"registry.terraform.io/hashicorp/aws\"]",
      "instances": [
        {
          "schema_version": 0,
          "attributes": {
            "arn": "arn:aws:elasticloadbalancing:us-east-1:435329769674:targetgroup/production-nginx-tg/4a80c5b7536bdd46",
            "arn_suffix": "targetgroup/production-nginx-tg/4a80c5b7536bdd46",
            "connection_termination": null,
            "deregistration_delay": "300",
            "health_check": [
              {
                "enabled": true,
                "healthy_threshold": 2,
                "interval": 30,
                "matcher": "200",
                "path": "/",
                "port": "traffic-port",
                "protocol": "HTTP",
                "timeout": 5,
                "unhealthy_threshold": 2
              }
            ],
            "id": "arn:aws:elasticloadbalancing:us-east-1:435329769674:targetgroup/production-nginx-tg/4a80c5b7536bdd46",
            "ip_address_type": "ipv4",
            "lambda_multi_value_headers_enabled": false,
            "load_balancer_arns": [],
            "load_balancing_algorithm_type": "round_robin",
            "load_balancing_anomaly_mitigation": "off",
            "load_balancing_cross_zone_enabled": "use_load_balancer_configuration",
            "name": "production-nginx-tg",
            "name_prefix": "",
            "port": 80,
            "preserve_client_ip": null,
            "protocol": "HTTP",
            "protocol_version": "HTTP1",
            "proxy_protocol_v2": false,
            "slow_start": 0,
            "stickiness": [
              {
                "cookie_duration": 86400,
                "cookie_name": "",
                "enabled": false,
                "type": "lb_cookie"
              }
            ],
            "tags": {},
            "tags_all": {},
            "target_failover": [
              {
                "on_deregistration": null,
                "on_unhealthy": null
              }
            ],
            "target_group_health": [
              {
                "dns_failover": [
                  {
                    "minimum_healthy_targets_count": "1",
                    "minimum_healthy_targets_percentage": "off"
                  }
                ],
                "unhealthy_state_routing": [
                  {
                    "minimum_healthy_targets_count": 1,
                    "minimum_healthy_targets_percentage": "off"
                  }
                ]
              }
            ],
            "target_health_state": [
              {
                "enable_unhealthy_connection_termination": null,
                "unhealthy_draining_interval": null
              }
            ],
            "target_type": "instance",
            "vpc_id": "vpc-0dc00983d8eea9b6d"
          },
          "sensitive_attributes": [],
          "private": "bnVsbA==",
          "dependencies": [
            "aws_security_group.bastion_sg",
            "aws_security_group.elb_sg",
            "aws_security_group.nginx_sg",
            "aws_security_group.rds_sg",
            "aws_subnet.private_subnets",
            "aws_subnet.public_subnets",
            "aws_vpc.main",
            "data.aws_availability_zones.available",
            "module.iam_roles.aws_iam_role.rds_monitoring_role",
            "module.iam_roles.data.aws_iam_policy_document.rds_assume",
            "module.kms.aws_kms_key.rds",
            "module.kms.aws_kms_key.s3",
            "module.kms.aws_kms_key.secrets_manager",
            "module.kms.aws_kms_key_policy.rds_policy",
            "module.kms.aws_kms_key_policy.s3_policy",
            "module.kms.aws_kms_key_policy.secrets_manager_policy",
            "module.kms.data.aws_caller_identity.current",
            "module.rds_mysql.aws_db_instance.rds_instance",
            "module.rds_mysql.aws_db_subnet_group.rds_subnet_group",
            "module.secrets_manager.aws_secretsmanager_secret.db_secret",
            "module.secrets_manager.aws_secretsmanager_secret_version.db_secret_version",
            "module.secrets_manager.data.aws_secretsmanager_secret_version.retrieved",
            "module.secrets_manager.random_password.password"
          ]
        }
      ]
    },
    {
      "module": "module.rds_mysql",
      "mode": "managed",
      "type": "aws_db_instance",
      "name": "rds_instance",
      "provider": "provider[\"registry.terraform.io/hashicorp/aws\"]",
      "instances": [
        {
          "schema_version": 2,
          "attributes": {
            "address": "production-mysql-db.cjjbcu9s6nug.us-east-1.rds.amazonaws.com",
            "allocated_storage": 20,
            "allow_major_version_upgrade": null,
            "apply_immediately": false,
            "arn": "arn:aws:rds:us-east-1:435329769674:db:production-mysql-db",
            "auto_minor_version_upgrade": true,
            "availability_zone": "us-east-1a",
            "backup_retention_period": 7,
            "backup_target": "region",
            "backup_window": "04:59-05:29",
            "blue_green_update": [],
            "ca_cert_identifier": "rds-ca-rsa2048-g1",
            "character_set_name": "",
            "copy_tags_to_snapshot": false,
            "custom_iam_instance_profile": "",
            "customer_owned_ip_enabled": false,
            "database_insights_mode": "standard",
            "db_name": "accounts",
            "db_subnet_group_name": "production-rds-subnet-group",
            "dedicated_log_volume": false,
            "delete_automated_backups": true,
            "deletion_protection": false,
            "domain": "",
            "domain_auth_secret_arn": "",
            "domain_dns_ips": [],
            "domain_fqdn": "",
            "domain_iam_role_name": "",
            "domain_ou": "",
            "enabled_cloudwatch_logs_exports": [],
            "endpoint": "production-mysql-db.cjjbcu9s6nug.us-east-1.rds.amazonaws.com:3306",
            "engine": "mysql",
            "engine_lifecycle_support": "open-source-rds-extended-support",
            "engine_version": "8.0",
            "engine_version_actual": "8.0.41",
            "final_snapshot_identifier": null,
            "hosted_zone_id": "Z2R2ITUGPM61AM",
            "iam_database_authentication_enabled": false,
            "id": "db-KZUIHIKDAP62BCSVZASRM5YJVI",
            "identifier": "production-mysql-db",
            "identifier_prefix": "",
            "instance_class": "db.t3.micro",
            "iops": 0,
            "kms_key_id": "arn:aws:kms:us-east-1:435329769674:key/5623663c-dfcf-41ed-b074-d2dff0040788",
            "latest_restorable_time": "2025-06-29T00:10:00Z",
            "license_model": "general-public-license",
            "listener_endpoint": [],
            "maintenance_window": "wed:08:29-wed:08:59",
            "manage_master_user_password": null,
            "master_user_secret": [],
            "master_user_secret_kms_key_id": null,
            "max_allocated_storage": 0,
            "monitoring_interval": 0,
            "monitoring_role_arn": "",
            "multi_az": true,
            "nchar_character_set_name": "",
            "network_type": "IPV4",
            "option_group_name": "default:mysql-8-0",
            "parameter_group_name": "default.mysql8.0",
            "password": "lgFdcQCPLlbj",
            "password_wo": null,
            "password_wo_version": null,
            "performance_insights_enabled": false,
            "performance_insights_kms_key_id": "",
            "performance_insights_retention_period": 0,
            "port": 3306,
            "publicly_accessible": false,
            "replica_mode": "",
            "replicas": [],
            "replicate_source_db": "",
            "resource_id": "db-KZUIHIKDAP62BCSVZASRM5YJVI",
            "restore_to_point_in_time": [],
            "s3_import": [],
            "skip_final_snapshot": true,
            "snapshot_identifier": null,
            "status": "available",
            "storage_encrypted": true,
            "storage_throughput": 0,
            "storage_type": "gp2",
            "tags": {
              "Environment": "production",
              "Name": "production-mysql"
            },
            "tags_all": {
              "Environment": "production",
              "Name": "production-mysql"
            },
            "timeouts": {
              "create": "60m",
              "delete": null,
              "update": "60m"
            },
            "timezone": "",
            "upgrade_storage_config": null,
            "username": "admin",
            "vpc_security_group_ids": [
              "sg-045f62c442a5c5178",
              "sg-092f03ed850b5ff87",
              "sg-0d0161f08f37eeb8b"
            ]
          },
          "sensitive_attributes": [
            [
              {
                "type": "get_attr",
                "value": "password"
              }
            ],
            [
              {
                "type": "get_attr",
                "value": "password_wo"
              }
            ]
          ],
          "private": "eyJlMmJmYjczMC1lY2FhLTExZTYtOGY4OC0zNDM2M2JjN2M0YzAiOnsiY3JlYXRlIjozNjAwMDAwMDAwMDAwLCJkZWxldGUiOjM2MDAwMDAwMDAwMDAsInVwZGF0ZSI6MzYwMDAwMDAwMDAwMH0sInNjaGVtYV92ZXJzaW9uIjoiMiJ9",
          "dependencies": [
            "aws_security_group.bastion_sg",
            "aws_security_group.elb_sg",
            "aws_security_group.nginx_sg",
            "aws_security_group.rds_sg",
            "aws_subnet.private_subnets",
            "aws_vpc.main",
            "data.aws_availability_zones.available",
            "module.kms.aws_kms_key.rds",
            "module.kms.aws_kms_key.s3",
            "module.kms.aws_kms_key.secrets_manager",
            "module.kms.aws_kms_key_policy.rds_policy",
            "module.kms.aws_kms_key_policy.s3_policy",
            "module.kms.aws_kms_key_policy.secrets_manager_policy",
            "module.kms.data.aws_caller_identity.current",
            "module.rds_mysql.aws_db_subnet_group.rds_subnet_group",
            "module.secrets_manager.aws_secretsmanager_secret.db_secret",
            "module.secrets_manager.aws_secretsmanager_secret_version.db_secret_version",
            "module.secrets_manager.data.aws_secretsmanager_secret_version.retrieved",
            "module.secrets_manager.random_password.password"
          ]
        }
      ]
    },
    {
      "module": "module.rds_mysql",
      "mode": "managed",
      "type": "aws_db_subnet_group",
      "name": "rds_subnet_group",
      "provider": "provider[\"registry.terraform.io/hashicorp/aws\"]",
      "instances": [
        {
          "schema_version": 0,
          "attributes": {
            "arn": "arn:aws:rds:us-east-1:435329769674:subgrp:production-rds-subnet-group",
            "description": "Managed by Terraform",
            "id": "production-rds-subnet-group",
            "name": "production-rds-subnet-group",
            "name_prefix": "",
            "subnet_ids": [
              "subnet-0a145fd28dab95a09",
              "subnet-0d22d379feb76ef4b"
            ],
            "supported_network_types": [
              "IPV4"
            ],
            "tags": {
              "Environment": "production",
              "Name": "production-rds-subnet-group"
            },
            "tags_all": {
              "Environment": "production",
              "Name": "production-rds-subnet-group"
            },
            "vpc_id": "vpc-0dc00983d8eea9b6d"
          },
          "sensitive_attributes": [],
          "private": "bnVsbA==",
          "dependencies": [
            "aws_security_group.bastion_sg",
            "aws_security_group.elb_sg",
            "aws_security_group.nginx_sg",
            "aws_security_group.rds_sg",
            "aws_subnet.private_subnets",
            "aws_vpc.main",
            "data.aws_availability_zones.available",
            "module.kms.aws_kms_key.rds",
            "module.kms.aws_kms_key.s3",
            "module.kms.aws_kms_key.secrets_manager",
            "module.kms.aws_kms_key_policy.rds_policy",
            "module.kms.aws_kms_key_policy.s3_policy",
            "module.kms.aws_kms_key_policy.secrets_manager_policy",
            "module.kms.data.aws_caller_identity.current",
            "module.secrets_manager.aws_secretsmanager_secret.db_secret",
            "module.secrets_manager.aws_secretsmanager_secret_version.db_secret_version",
            "module.secrets_manager.data.aws_secretsmanager_secret_version.retrieved",
            "module.secrets_manager.random_password.password"
          ]
        }
      ]
    },
    {
      "module": "module.secrets_manager",
      "mode": "data",
      "type": "aws_secretsmanager_secret_version",
      "name": "retrieved",
      "provider": "provider[\"registry.terraform.io/hashicorp/aws\"]",
      "instances": [
        {
          "schema_version": 0,
          "attributes": {
            "arn": "arn:aws:secretsmanager:us-east-1:435329769674:secret:my_secret-2025-06-29-12-11-13-Ttft5I",
            "created_date": "2025-06-29T00:11:50Z",
            "id": "arn:aws:secretsmanager:us-east-1:435329769674:secret:my_secret-2025-06-29-12-11-13-Ttft5I|AWSCURRENT",
            "secret_binary": "",
            "secret_id": "arn:aws:secretsmanager:us-east-1:435329769674:secret:my_secret-2025-06-29-12-11-13-Ttft5I",
            "secret_string": "{\"password\":\"lgFdcQCPLlbj\"}",
            "version_id": "terraform-20250629001149037600000002",
            "version_stage": "AWSCURRENT",
            "version_stages": [
              "AWSCURRENT"
            ]
          },
          "sensitive_attributes": [
            [
              {
                "type": "get_attr",
                "value": "secret_string"
              }
            ],
            [
              {
                "type": "get_attr",
                "value": "secret_binary"
              }
            ]
          ]
        }
      ]
    },
    {
      "module": "module.secrets_manager",
      "mode": "managed",
      "type": "aws_secretsmanager_secret",
      "name": "db_secret",
      "provider": "provider[\"registry.terraform.io/hashicorp/aws\"]",
      "instances": [
        {
          "schema_version": 0,
          "attributes": {
            "arn": "arn:aws:secretsmanager:us-east-1:435329769674:secret:my_secret-2025-06-29-12-11-13-Ttft5I",
            "description": "Managed secret",
            "force_overwrite_replica_secret": false,
            "id": "arn:aws:secretsmanager:us-east-1:435329769674:secret:my_secret-2025-06-29-12-11-13-Ttft5I",
            "kms_key_id": "63ca5604-f707-4367-9a19-f8efcb7881fa",
            "name": "my_secret-2025-06-29-12-11-13",
            "name_prefix": "",
            "policy": "",
            "recovery_window_in_days": 30,
            "replica": [],
            "tags": {
              "Environment": "production"
            },
            "tags_all": {
              "Environment": "production"
            }
          },
          "sensitive_attributes": [],
          "private": "bnVsbA==",
          "dependencies": [
            "module.kms.aws_kms_key.secrets_manager"
          ]
        }
      ]
    },
    {
      "module": "module.secrets_manager",
      "mode": "managed",
      "type": "aws_secretsmanager_secret_version",
      "name": "db_secret_version",
      "provider": "provider[\"registry.terraform.io/hashicorp/aws\"]",
      "instances": [
        {
          "schema_version": 0,
          "attributes": {
            "arn": "arn:aws:secretsmanager:us-east-1:435329769674:secret:my_secret-2025-06-29-12-11-13-Ttft5I",
            "has_secret_string_wo": null,
            "id": "arn:aws:secretsmanager:us-east-1:435329769674:secret:my_secret-2025-06-29-12-11-13-Ttft5I|terraform-20250629001149037600000002",
            "secret_binary": "",
            "secret_id": "arn:aws:secretsmanager:us-east-1:435329769674:secret:my_secret-2025-06-29-12-11-13-Ttft5I",
            "secret_string": "{\"password\":\"lgFdcQCPLlbj\"}",
            "secret_string_wo": null,
            "secret_string_wo_version": null,
            "version_id": "terraform-20250629001149037600000002",
            "version_stages": [
              "AWSCURRENT"
            ]
          },
          "sensitive_attributes": [
            [
              {
                "type": "get_attr",
                "value": "secret_binary"
              }
            ],
            [
              {
                "type": "get_attr",
                "value": "secret_string"
              }
            ],
            [
              {
                "type": "get_attr",
                "value": "secret_string_wo"
              }
            ]
          ],
          "private": "bnVsbA==",
          "dependencies": [
            "module.kms.aws_kms_key.secrets_manager",
            "module.secrets_manager.aws_secretsmanager_secret.db_secret",
            "module.secrets_manager.random_password.password"
          ]
        }
      ]
    },
    {
      "module": "module.secrets_manager",
      "mode": "managed",
      "type": "random_password",
      "name": "password",
      "provider": "provider[\"registry.terraform.io/hashicorp/random\"]",
      "instances": [
        {
          "schema_version": 3,
          "attributes": {
            "bcrypt_hash": "$2a$10$7xWDNttu7VwmtAmj3aXCE.N8UK3o5J0vPQYdvAhnZOeqwCn38qzAC",
            "id": "none",
            "keepers": null,
            "length": 12,
            "lower": true,
            "min_lower": 0,
            "min_numeric": 0,
            "min_special": 0,
            "min_upper": 0,
            "number": true,
            "numeric": true,
            "override_special": "!#$%\u0026*()-_+{}\u003c\u003e?",
            "result": "lgFdcQCPLlbj",
            "special": false,
            "upper": true
          },
          "sensitive_attributes": [
            [
              {
                "type": "get_attr",
                "value": "bcrypt_hash"
              }
            ],
            [
              {
                "type": "get_attr",
                "value": "result"
              }
            ]
          ]
        }
      ]
    },
    {
      "module": "module.waf",
      "mode": "managed",
      "type": "aws_wafv2_web_acl",
      "name": "waf-metrics",
      "provider": "provider[\"registry.terraform.io/hashicorp/aws\"]",
      "instances": [
        {
          "schema_version": 0,
          "attributes": {
            "application_integration_url": "",
            "arn": "arn:aws:wafv2:us-east-1:435329769674:regional/webacl/production-waf/706ff87c-7b8a-4a19-b6f6-ef26588f3432",
            "association_config": [],
            "capacity": 700,
            "captcha_config": [],
            "challenge_config": [],
            "custom_response_body": [],
            "data_protection_config": [],
            "default_action": [
              {
                "allow": [
                  {
                    "custom_request_handling": []
                  }
                ],
                "block": []
              }
            ],
            "description": "WAF for production environment",
            "id": "706ff87c-7b8a-4a19-b6f6-ef26588f3432",
            "lock_token": "6032a29f-9dfd-4e64-9fc8-c5af99d03534",
            "name": "production-waf",
            "name_prefix": "",
            "rule": [
              {
                "action": [],
                "captcha_config": [],
                "challenge_config": [],
                "name": "AWS-AWSManagedRulesCommonRuleSet",
                "override_action": [
                  {
                    "count": [],
                    "none": [
                      {}
                    ]
                  }
                ],
                "priority": 1,
                "rule_label": [],
                "statement": [
                  {
                    "and_statement": [],
                    "asn_match_statement": [],
                    "byte_match_statement": [],
                    "geo_match_statement": [],
                    "ip_set_reference_statement": [],
                    "label_match_statement": [],
                    "managed_rule_group_statement": [
                      {
                        "managed_rule_group_configs": [],
                        "name": "AWSManagedRulesCommonRuleSet",
                        "rule_action_override": [],
                        "scope_down_statement": [],
                        "vendor_name": "AWS",
                        "version": ""
                      }
                    ],
                    "not_statement": [],
                    "or_statement": [],
                    "rate_based_statement": [],
                    "regex_match_statement": [],
                    "regex_pattern_set_reference_statement": [],
                    "rule_group_reference_statement": [],
                    "size_constraint_statement": [],
                    "sqli_match_statement": [],
                    "xss_match_statement": []
                  }
                ],
                "visibility_config": [
                  {
                    "cloudwatch_metrics_enabled": true,
                    "metric_name": "AWSManagedRulesCommonRuleSet",
                    "sampled_requests_enabled": true
                  }
                ]
              }
            ],
            "rule_json": null,
            "scope": "REGIONAL",
            "tags": {
              "Environment": "Production",
              "Owner": "Ernestine D Motouom",
              "Project": "refonte_class"
            },
            "tags_all": {
              "Environment": "Production",
              "Owner": "Ernestine D Motouom",
              "Project": "refonte_class"
            },
            "token_domains": [],
            "visibility_config": [
              {
                "cloudwatch_metrics_enabled": true,
                "metric_name": "production-waf-metrics",
                "sampled_requests_enabled": true
              }
            ]
          },
          "sensitive_attributes": [],
          "private": "bnVsbA==",
          "dependencies": [
            "aws_security_group.bastion_sg",
            "aws_security_group.elb_sg",
            "aws_security_group.nginx_sg",
            "aws_security_group.rds_sg",
            "aws_subnet.private_subnets",
            "aws_subnet.public_subnets",
            "aws_vpc.main",
            "data.aws_availability_zones.available",
            "module.cloudwatch.aws_cloudwatch_dashboard.main",
            "module.cloudwatch.aws_cloudwatch_log_group.waf_metrics",
            "module.cloudwatch.aws_cloudwatch_metric_alarm.ec2_high_cpu",
            "module.cloudwatch.aws_cloudwatch_metric_alarm.ec2_high_disk",
            "module.cloudwatch.aws_cloudwatch_metric_alarm.rds_high_cpu",
            "module.cloudwatch.aws_cloudwatch_metric_alarm.rds_high_memory",
            "module.cloudwatch.aws_sns_topic.alerts",
            "module.cloudwatch.aws_sns_topic_subscription.sns_email",
            "module.cloudwatch.data.aws_caller_identity.current",
            "module.iam_roles.aws_iam_instance_profile.cw_agent_instance_profile",
            "module.iam_roles.aws_iam_instance_profile.ec2_cloudwatch_metrics",
            "module.iam_roles.aws_iam_instance_profile.ec2_instance_profile",
            "module.iam_roles.aws_iam_role.cloudtrail_logs_role",
            "module.iam_roles.aws_iam_role.cw_agent_role",
            "module.iam_roles.aws_iam_role.ec2_role",
            "module.iam_roles.aws_iam_role.rds_monitoring_role",
            "module.iam_roles.aws_iam_role.waf_logging_role",
            "module.iam_roles.aws_iam_role_policy.cloudtrail_logs_policy",
            "module.iam_roles.aws_iam_role_policy.ec2_cloudwatch_metrics",
            "module.iam_roles.aws_iam_role_policy.waf_logging_policy",
            "module.iam_roles.aws_iam_role_policy_attachment.ec2_cw_agent",
            "module.iam_roles.aws_iam_role_policy_attachment.ec2_ssm",
            "module.iam_roles.aws_iam_role_policy_attachment.rds_monitoring",
            "module.iam_roles.data.aws_iam_policy_document.cloudtrail_assume",
            "module.iam_roles.data.aws_iam_policy_document.cloudtrail_logs",
            "module.iam_roles.data.aws_iam_policy_document.cw_agent_assume",
            "module.iam_roles.data.aws_iam_policy_document.ec2_assume",
            "module.iam_roles.data.aws_iam_policy_document.ec2_cloudwatch_permissions",
            "module.iam_roles.data.aws_iam_policy_document.rds_assume",
            "module.iam_roles.data.aws_iam_policy_document.waf_assume",
            "module.iam_roles.data.aws_iam_policy_document.waf_logging",
            "module.iam_roles.random_id.cw_agent_suffix",
            "module.kms.aws_kms_key.rds",
            "module.kms.aws_kms_key.s3",
            "module.kms.aws_kms_key.secrets_manager",
            "module.kms.aws_kms_key_policy.rds_policy",
            "module.kms.aws_kms_key_policy.s3_policy",
            "module.kms.aws_kms_key_policy.secrets_manager_policy",
            "module.kms.data.aws_caller_identity.current",
            "module.nginx_frontend.aws_autoscaling_group.nginx_asg",
            "module.nginx_frontend.aws_launch_template.nginx",
            "module.nginx_frontend.aws_lb.nginx_alb",
            "module.nginx_frontend.aws_lb_target_group.nginx_tg",
            "module.nginx_frontend.data.aws_ami.ubuntu",
            "module.nginx_frontend.data.aws_ssm_parameter.ubuntu_ami",
            "module.rds_mysql.aws_db_instance.rds_instance",
            "module.rds_mysql.aws_db_subnet_group.rds_subnet_group",
            "module.secrets_manager.aws_secretsmanager_secret.db_secret",
            "module.secrets_manager.aws_secretsmanager_secret_version.db_secret_version",
            "module.secrets_manager.data.aws_secretsmanager_secret_version.retrieved",
            "module.secrets_manager.random_password.password"
          ]
        }
      ]
    },
    {
      "module": "module.waf",
      "mode": "managed",
      "type": "aws_wafv2_web_acl_association",
      "name": "waf_to_alb",
      "provider": "provider[\"registry.terraform.io/hashicorp/aws\"]",
      "instances": [
        {
          "schema_version": 0,
          "attributes": {
            "id": "arn:aws:wafv2:us-east-1:435329769674:regional/webacl/production-waf/706ff87c-7b8a-4a19-b6f6-ef26588f3432,arn:aws:elasticloadbalancing:us-east-1:435329769674:loadbalancer/app/production-nginx-alb/fdc43eb9cad6c0e3",
            "resource_arn": "arn:aws:elasticloadbalancing:us-east-1:435329769674:loadbalancer/app/production-nginx-alb/fdc43eb9cad6c0e3",
            "timeouts": null,
            "web_acl_arn": "arn:aws:wafv2:us-east-1:435329769674:regional/webacl/production-waf/706ff87c-7b8a-4a19-b6f6-ef26588f3432"
          },
          "sensitive_attributes": [],
          "private": "eyJlMmJmYjczMC1lY2FhLTExZTYtOGY4OC0zNDM2M2JjN2M0YzAiOnsiY3JlYXRlIjo2MDAwMDAwMDAwMDB9fQ==",
          "dependencies": [
            "aws_security_group.bastion_sg",
            "aws_security_group.elb_sg",
            "aws_security_group.nginx_sg",
            "aws_security_group.rds_sg",
            "aws_subnet.private_subnets",
            "aws_subnet.public_subnets",
            "aws_vpc.main",
            "data.aws_availability_zones.available",
            "module.cloudwatch.aws_cloudwatch_dashboard.main",
            "module.cloudwatch.aws_cloudwatch_log_group.waf_metrics",
            "module.cloudwatch.aws_cloudwatch_metric_alarm.ec2_high_cpu",
            "module.cloudwatch.aws_cloudwatch_metric_alarm.ec2_high_disk",
            "module.cloudwatch.aws_cloudwatch_metric_alarm.rds_high_cpu",
            "module.cloudwatch.aws_cloudwatch_metric_alarm.rds_high_memory",
            "module.cloudwatch.aws_sns_topic.alerts",
            "module.cloudwatch.aws_sns_topic_subscription.sns_email",
            "module.cloudwatch.data.aws_caller_identity.current",
            "module.iam_roles.aws_iam_instance_profile.cw_agent_instance_profile",
            "module.iam_roles.aws_iam_instance_profile.ec2_cloudwatch_metrics",
            "module.iam_roles.aws_iam_instance_profile.ec2_instance_profile",
            "module.iam_roles.aws_iam_role.cloudtrail_logs_role",
            "module.iam_roles.aws_iam_role.cw_agent_role",
            "module.iam_roles.aws_iam_role.ec2_role",
            "module.iam_roles.aws_iam_role.rds_monitoring_role",
            "module.iam_roles.aws_iam_role.waf_logging_role",
            "module.iam_roles.aws_iam_role_policy.cloudtrail_logs_policy",
            "module.iam_roles.aws_iam_role_policy.ec2_cloudwatch_metrics",
            "module.iam_roles.aws_iam_role_policy.waf_logging_policy",
            "module.iam_roles.aws_iam_role_policy_attachment.ec2_cw_agent",
            "module.iam_roles.aws_iam_role_policy_attachment.ec2_ssm",
            "module.iam_roles.aws_iam_role_policy_attachment.rds_monitoring",
            "module.iam_roles.data.aws_iam_policy_document.cloudtrail_assume",
            "module.iam_roles.data.aws_iam_policy_document.cloudtrail_logs",
            "module.iam_roles.data.aws_iam_policy_document.cw_agent_assume",
            "module.iam_roles.data.aws_iam_policy_document.ec2_assume",
            "module.iam_roles.data.aws_iam_policy_document.ec2_cloudwatch_permissions",
            "module.iam_roles.data.aws_iam_policy_document.rds_assume",
            "module.iam_roles.data.aws_iam_policy_document.waf_assume",
            "module.iam_roles.data.aws_iam_policy_document.waf_logging",
            "module.iam_roles.random_id.cw_agent_suffix",
            "module.kms.aws_kms_key.rds",
            "module.kms.aws_kms_key.s3",
            "module.kms.aws_kms_key.secrets_manager",
            "module.kms.aws_kms_key_policy.rds_policy",
            "module.kms.aws_kms_key_policy.s3_policy",
            "module.kms.aws_kms_key_policy.secrets_manager_policy",
            "module.kms.data.aws_caller_identity.current",
            "module.nginx_frontend.aws_autoscaling_group.nginx_asg",
            "module.nginx_frontend.aws_launch_template.nginx",
            "module.nginx_frontend.aws_lb.nginx_alb",
            "module.nginx_frontend.aws_lb_target_group.nginx_tg",
            "module.nginx_frontend.data.aws_ami.ubuntu",
            "module.nginx_frontend.data.aws_ssm_parameter.ubuntu_ami",
            "module.rds_mysql.aws_db_instance.rds_instance",
            "module.rds_mysql.aws_db_subnet_group.rds_subnet_group",
            "module.secrets_manager.aws_secretsmanager_secret.db_secret",
            "module.secrets_manager.aws_secretsmanager_secret_version.db_secret_version",
            "module.secrets_manager.data.aws_secretsmanager_secret_version.retrieved",
            "module.secrets_manager.random_password.password",
            "module.waf.aws_wafv2_web_acl.waf-metrics"
          ]
        }
      ]
    },
    {
      "module": "module.waf",
      "mode": "managed",
      "type": "aws_wafv2_web_acl_logging_configuration",
      "name": "waf_logging",
      "provider": "provider[\"registry.terraform.io/hashicorp/aws\"]",
      "instances": [
        {
          "schema_version": 0,
          "attributes": {
            "id": "arn:aws:wafv2:us-east-1:435329769674:regional/webacl/production-waf/706ff87c-7b8a-4a19-b6f6-ef26588f3432",
            "log_destination_configs": [
              "arn:aws:logs:us-east-1:435329769674:log-group:aws-waf-logs-production:*"
            ],
            "logging_filter": [],
            "redacted_fields": [
              {
                "method": [
                  {}
                ],
                "query_string": [],
                "single_header": [],
                "uri_path": []
              },
              {
                "method": [],
                "query_string": [],
                "single_header": [],
                "uri_path": [
                  {}
                ]
              }
            ],
            "resource_arn": "arn:aws:wafv2:us-east-1:435329769674:regional/webacl/production-waf/706ff87c-7b8a-4a19-b6f6-ef26588f3432"
          },
          "sensitive_attributes": [],
          "private": "bnVsbA==",
          "dependencies": [
            "aws_security_group.bastion_sg",
            "aws_security_group.elb_sg",
            "aws_security_group.nginx_sg",
            "aws_security_group.rds_sg",
            "aws_subnet.private_subnets",
            "aws_subnet.public_subnets",
            "aws_vpc.main",
            "data.aws_availability_zones.available",
            "module.cloudwatch.aws_cloudwatch_dashboard.main",
            "module.cloudwatch.aws_cloudwatch_log_group.waf_metrics",
            "module.cloudwatch.aws_cloudwatch_metric_alarm.ec2_high_cpu",
            "module.cloudwatch.aws_cloudwatch_metric_alarm.ec2_high_disk",
            "module.cloudwatch.aws_cloudwatch_metric_alarm.rds_high_cpu",
            "module.cloudwatch.aws_cloudwatch_metric_alarm.rds_high_memory",
            "module.cloudwatch.aws_sns_topic.alerts",
            "module.cloudwatch.aws_sns_topic_subscription.sns_email",
            "module.cloudwatch.data.aws_caller_identity.current",
            "module.iam_roles.aws_iam_instance_profile.cw_agent_instance_profile",
            "module.iam_roles.aws_iam_instance_profile.ec2_cloudwatch_metrics",
            "module.iam_roles.aws_iam_instance_profile.ec2_instance_profile",
            "module.iam_roles.aws_iam_role.cloudtrail_logs_role",
            "module.iam_roles.aws_iam_role.cw_agent_role",
            "module.iam_roles.aws_iam_role.ec2_role",
            "module.iam_roles.aws_iam_role.rds_monitoring_role",
            "module.iam_roles.aws_iam_role.waf_logging_role",
            "module.iam_roles.aws_iam_role_policy.cloudtrail_logs_policy",
            "module.iam_roles.aws_iam_role_policy.ec2_cloudwatch_metrics",
            "module.iam_roles.aws_iam_role_policy.waf_logging_policy",
            "module.iam_roles.aws_iam_role_policy_attachment.ec2_cw_agent",
            "module.iam_roles.aws_iam_role_policy_attachment.ec2_ssm",
            "module.iam_roles.aws_iam_role_policy_attachment.rds_monitoring",
            "module.iam_roles.data.aws_iam_policy_document.cloudtrail_assume",
            "module.iam_roles.data.aws_iam_policy_document.cloudtrail_logs",
            "module.iam_roles.data.aws_iam_policy_document.cw_agent_assume",
            "module.iam_roles.data.aws_iam_policy_document.ec2_assume",
            "module.iam_roles.data.aws_iam_policy_document.ec2_cloudwatch_permissions",
            "module.iam_roles.data.aws_iam_policy_document.rds_assume",
            "module.iam_roles.data.aws_iam_policy_document.waf_assume",
            "module.iam_roles.data.aws_iam_policy_document.waf_logging",
            "module.iam_roles.random_id.cw_agent_suffix",
            "module.kms.aws_kms_key.rds",
            "module.kms.aws_kms_key.s3",
            "module.kms.aws_kms_key.secrets_manager",
            "module.kms.aws_kms_key_policy.rds_policy",
            "module.kms.aws_kms_key_policy.s3_policy",
            "module.kms.aws_kms_key_policy.secrets_manager_policy",
            "module.kms.data.aws_caller_identity.current",
            "module.nginx_frontend.aws_autoscaling_group.nginx_asg",
            "module.nginx_frontend.aws_launch_template.nginx",
            "module.nginx_frontend.aws_lb.nginx_alb",
            "module.nginx_frontend.aws_lb_target_group.nginx_tg",
            "module.nginx_frontend.data.aws_ami.ubuntu",
            "module.nginx_frontend.data.aws_ssm_parameter.ubuntu_ami",
            "module.rds_mysql.aws_db_instance.rds_instance",
            "module.rds_mysql.aws_db_subnet_group.rds_subnet_group",
            "module.secrets_manager.aws_secretsmanager_secret.db_secret",
            "module.secrets_manager.aws_secretsmanager_secret_version.db_secret_version",
            "module.secrets_manager.data.aws_secretsmanager_secret_version.retrieved",
            "module.secrets_manager.random_password.password",
            "module.waf.aws_wafv2_web_acl.waf-metrics"
          ]
        }
      ]
    }
  ],
  "check_results": [
    {
      "object_kind": "var",
      "config_addr": "var.multi_az",
      "status": "pass",
      "objects": [
        {
          "object_addr": "var.multi_az",
          "status": "pass"
        }
      ]
    },
    {
      "object_kind": "var",
      "config_addr": "var.vpc_cidr",
      "status": "pass",
      "objects": [
        {
          "object_addr": "var.vpc_cidr",
          "status": "pass"
        }
      ]
    },
    {
      "object_kind": "var",
      "config_addr": "var.secret_name",
      "status": "pass",
      "objects": [
        {
          "object_addr": "var.secret_name",
          "status": "pass"
        }
      ]
    },
    {
      "object_kind": "var",
      "config_addr": "var.kms_key_id",
      "status": "pass",
      "objects": [
        {
          "object_addr": "var.kms_key_id",
          "status": "pass"
        }
      ]
    }
  ]
}
